// !$*UTF8*$!
{
	archiveVersion = 1;
	classes = {
	};
	objectVersion = 46;
	objects = {

		2DDC2E452A890910DFBFFF62 = {isa = PBXBuildFile; fileRef = 0284A74D43426A94BEBA58DE; };
		CCC0B9300173E64A4EF0AA9B = {isa = PBXBuildFile; fileRef = B3B6D47D71F2CEA1599FEA89; };
		C3D79BD60CB708BBDB330486 = {isa = PBXBuildFile; fileRef = E12B88E3E72D474E6AB195E2; };
		93F552191AE67FE9CA84428A = {isa = PBXBuildFile; fileRef = 4CBDDE93A686112FB6E60438; };
		FCA4E29BCA15B6F322441CC4 = {isa = PBXBuildFile; fileRef = EFA1AA062C2371E00A932006; };
		53B5B7731FBD418EFCFE71E6 = {isa = PBXBuildFile; fileRef = 6F67DB9471547286ACF4FE48; };
		32D9F84F9384E87B91603762 = {isa = PBXBuildFile; fileRef = 36316A25ABCB16A95EE107B9; };
		ADB501A6B74310903CC96848 = {isa = PBXBuildFile; fileRef = E12C5C4DFE19D876DAF8B905; };
		DADF5D5C4351E65691D220DE = {isa = PBXBuildFile; fileRef = 0F6B49FBAB625947F2547960; };
		26D124D0FE7E45ED6F9F33C5 = {isa = PBXBuildFile; fileRef = F395B64E2BE5D3F24FE56B5F; };
		BD3CE246D4D6FAABC1140218 = {isa = PBXBuildFile; fileRef = 69AABFCDE293FFEA4DDC262F; };
		616EA290992D03E0AEF2840B = {isa = PBXBuildFile; fileRef = EFD595CBFB6A9A3523C16314; };
		1909B18CBB9BD669A3EADB46 = {isa = PBXBuildFile; fileRef = 24304AD5B0C1E66E7BD0508B; };
		785A131A2E56527A559F0815 = {isa = PBXBuildFile; fileRef = 0E4A5B853F9C045F70EF1577; };
		05A48477E6C46B470D14BDF3 = {isa = PBXBuildFile; fileRef = 4C271405CE31A8D04323510B; };
		F497459E299DD02B316D6C58 = {isa = PBXBuildFile; fileRef = E387182EBC6C47661614EA56; };
		81823F306B78B72EF9E5395B = {isa = PBXBuildFile; fileRef = 0BCE777CC5E7BC16A357117D; };
		424A492EE57EAE9A973B8685 = {isa = PBXBuildFile; fileRef = 173DCF20E65D96FE5C40E668; };
		F4AE38439C5BB0CC1E0C662D = {isa = PBXBuildFile; fileRef = DC4375A4B219B3153CF615E3; };
		FCB46716C8BE736D84DB3E81 = {isa = PBXBuildFile; fileRef = D437B10EB3E86D6FECEC67C3; };
		066912B0A8EA75E65FA224CD = {isa = PBXBuildFile; fileRef = D54F9241A2B477CE32CFD341; };
		79226A10387ED2F5E8A6299B = {isa = PBXBuildFile; fileRef = 6EA644CF6EA94CDAB0FC13B0; };
		88AB09750007FB2CF5E1FF6A = {isa = PBXBuildFile; fileRef = 67B3E9904D9F47220D60FB15; };
		E54F996D427F3C1E1BBBD853 = {isa = PBXBuildFile; fileRef = B17E63087E0C97315680716B; };
		7670D9691742229CE39F60C8 = {isa = PBXBuildFile; fileRef = D5B51FCB99542ABCCC8CDC40; };
		B9A559AC43AA8A54B27AFEBE = {isa = PBXBuildFile; fileRef = 2B003F6EEE00F3B4246B1A6A; };
		56F8AA8DAB7EC1999EF5F510 = {isa = PBXBuildFile; fileRef = 7AE0B760E85FBE458769B3A0; };
		B4E13C27D2E7268488E11C9C = {isa = PBXBuildFile; fileRef = 9C96F5DBB55967AF40344C74; };
		12CE9ADEA012D404617DE068 = {isa = PBXBuildFile; fileRef = 95FA46534DFCDF9B0BE489E3; };
		5831C78337970C348463A47D = {isa = PBXBuildFile; fileRef = 635765DA632B7E3B7097524D; };
		FEE7D0173C73F5A2BFCA2F48 = {isa = PBXBuildFile; fileRef = 9FE5666E9922FEA4CD9B7327; };
		784186D2D8A11503DF254BA0 = {isa = PBXBuildFile; fileRef = BF056AA0E21D0ACA6027AD70; };
		CC0BBB6AB762C263885152A7 = {isa = PBXBuildFile; fileRef = AA4EA097ED1F187FA8A8202D; };
		F2E41ED28EE02761F52BA335 = {isa = PBXBuildFile; fileRef = 834C8388AFB082511262978D; };
		535FB801E131E013E4FCB84B = {isa = PBXBuildFile; fileRef = 862AC750F706450099B6EC88; };
		DCAF6857E6F612A9F88CC542 = {isa = PBXBuildFile; fileRef = B675D9ACE4E7DB932DB62664; };
		8366BEC6E13788327D2B3C8C = {isa = PBXBuildFile; fileRef = 9C18B862D62EBF520957AC7F; };
		C83A6CBAB55AB1181807BBE7 = {isa = PBXBuildFile; fileRef = 284503AEAF4E812B929A0FD0; };
		8976E48582BFDC07D4334FFF = {isa = PBXBuildFile; fileRef = 6974CEE45F00F31376559742; };
		E37DAADE9436F09154D5CFE0 = {isa = PBXBuildFile; fileRef = 701487DAFD21EB1CF4753669; };
		C506D27D2E6A49E821892D57 = {isa = PBXBuildFile; fileRef = 1040B574A7C5C9A886F96D8E; };
		B892A3457D66E89D64038BCB = {isa = PBXBuildFile; fileRef = 8590C56E0D1755150AB690A5; };
		45BD9D644EA4FA45D42DE5F4 = {isa = PBXBuildFile; fileRef = F482B686A7D210D86151076D; };
		904D334F80BA8E89E59E03CA = {isa = PBXBuildFile; fileRef = D3654810764DA8E34316F0D6; };
		9E54C460180281D6242F81B6 = {isa = PBXBuildFile; fileRef = 1132605CE9DD68C0595EB41C; };
		F82EC526498CCA938833BBED = {isa = PBXBuildFile; fileRef = 24F9CA6666C172DE739FD763; };
		88F2485CDFA892F864048046 = {isa = PBXBuildFile; fileRef = D1B51AE2E95DCB7D143D13D2; };
		80A5891EC624125EAD1A47AA = {isa = PBXBuildFile; fileRef = 491A8D53248FEA4513BB062B; };
		96AACD864695B31B79BD63A7 = {isa = PBXBuildFile; fileRef = 3EA28D535FDA5020036CF125; };
		03B62ACE32B870137106B294 = {isa = PBXBuildFile; fileRef = 48A864EAD09FA8E342FDD613; };
		3D4094862EB211E1D8EB59AD = {isa = PBXBuildFile; fileRef = 22272FDC02E08D0EADFF322E; };
		3F6F8C2ADF6835A7A35394BE = {isa = PBXBuildFile; fileRef = 6B94034CA5358F107EDF2ED1; };
		0284A74D43426A94BEBA58DE = {isa = PBXFileReference; explicitFileType = wrapper.cfbundle; includeInIndex = 0; path = "sparta_rotator_o3d.vst"; sourceTree = "BUILT_PRODUCTS_DIR"; };
		0300686C6CD618C63B6A7581 = {isa = PBXFileReference; lastKnownFileType = sourcecode.c.h; name = "saf_cdf4sap.h"; path = "../../../../../../SDKs/Spatial_Audio_Framework/framework/include/saf_cdf4sap.h"; sourceTree = "SOURCE_ROOT"; };
		04ED9BE468CDE97F564A5758 = {isa = PBXFileReference; lastKnownFileType = file; name = "juce_graphics"; path = "../../../../../../SDKs/modules/juce_graphics"; sourceTree = "SOURCE_ROOT"; };
		063CBB2A6E151E5887341712 = {isa = PBXFileReference; lastKnownFileType = sourcecode.c.h; name = PluginProcessor.h; path = ../../../../src/PluginProcessor.h; sourceTree = "SOURCE_ROOT"; };
		0BCE777CC5E7BC16A357117D = {isa = PBXFileReference; lastKnownFileType = sourcecode.c.c; name = "rotator_internal.c"; path = "../../../../../../SDKs/Spatial_Audio_Framework/examples/rotator/src/rotator_internal.c"; sourceTree = "SOURCE_ROOT"; };
		0D614617A85F3371231759B0 = {isa = PBXFileReference; lastKnownFileType = file; name = "juce_data_structures"; path = "../../../../../../SDKs/modules/juce_data_structures"; sourceTree = "SOURCE_ROOT"; };
		0E4A5B853F9C045F70EF1577 = {isa = PBXFileReference; lastKnownFileType = sourcecode.cpp.cpp; name = PluginEditor.cpp; path = ../../../../src/PluginEditor.cpp; sourceTree = "SOURCE_ROOT"; };
		0F6B49FBAB625947F2547960 = {isa = PBXFileReference; lastKnownFileType = wrapper.framework; name = IOKit.framework; path = System/Library/Frameworks/IOKit.framework; sourceTree = SDKROOT; };
		1040B574A7C5C9A886F96D8E = {isa = PBXFileReference; lastKnownFileType = sourcecode.cpp.objcpp; name = "include_juce_audio_plugin_client_VST_utils.mm"; path = "../../../../juce/sparta_rotator_o3/JuceLibraryCode/include_juce_audio_plugin_client_VST_utils.mm"; sourceTree = "SOURCE_ROOT"; };
		1132605CE9DD68C0595EB41C = {isa = PBXFileReference; lastKnownFileType = sourcecode.cpp.objcpp; name = "include_juce_cryptography.mm"; path = "../../../../juce/sparta_rotator_o3/JuceLibraryCode/include_juce_cryptography.mm"; sourceTree = "SOURCE_ROOT"; };
		173DCF20E65D96FE5C40E668 = {isa = PBXFileReference; lastKnownFileType = sourcecode.c.c; name = afSTFTlib.c; path = "../../../../../../SDKs/Spatial_Audio_Framework/framework/saf_afstft/afSTFTlib.c"; sourceTree = "SOURCE_ROOT"; };
		20DEF8DC62994F9E81A35DAB = {isa = PBXFileReference; lastKnownFileType = sourcecode.c.h; name = vecTools.h; path = "../../../../../../SDKs/Spatial_Audio_Framework/framework/saf_afstft/vecTools.h"; sourceTree = "SOURCE_ROOT"; };
		212D7F8260E1DA1F5C4910C3 = {isa = PBXFileReference; lastKnownFileType = sourcecode.c.h; name = saf.h; path = "../../../../../../SDKs/Spatial_Audio_Framework/framework/include/saf.h"; sourceTree = "SOURCE_ROOT"; };
		22272FDC02E08D0EADFF322E = {isa = PBXFileReference; lastKnownFileType = sourcecode.cpp.objcpp; name = "include_juce_opengl.mm"; path = "../../../../juce/sparta_rotator_o3/JuceLibraryCode/include_juce_opengl.mm"; sourceTree = "SOURCE_ROOT"; };
		24304AD5B0C1E66E7BD0508B = {isa = PBXFileReference; lastKnownFileType = file.nib; name = RecentFilesMenuTemplate.nib; path = RecentFilesMenuTemplate.nib; sourceTree = "SOURCE_ROOT"; };
		24F9CA6666C172DE739FD763 = {isa = PBXFileReference; lastKnownFileType = sourcecode.cpp.objcpp; name = "include_juce_data_structures.mm"; path = "../../../../juce/sparta_rotator_o3/JuceLibraryCode/include_juce_data_structures.mm"; sourceTree = "SOURCE_ROOT"; };
		284503AEAF4E812B929A0FD0 = {isa = PBXFileReference; lastKnownFileType = sourcecode.cpp.objcpp; name = "include_juce_audio_devices.mm"; path = "../../../../juce/sparta_rotator_o3/JuceLibraryCode/include_juce_audio_devices.mm"; sourceTree = "SOURCE_ROOT"; };
		2B003F6EEE00F3B4246B1A6A = {isa = PBXFileReference; lastKnownFileType = sourcecode.c.c; name = "saf_sh.c"; path = "../../../../../../SDKs/Spatial_Audio_Framework/framework/saf_sh/saf_sh.c"; sourceTree = "SOURCE_ROOT"; };
		2B6906DE8405886C2ED7A232 = {isa = PBXFileReference; lastKnownFileType = sourcecode.c.h; name = "saf_vbap.h"; path = "../../../../../../SDKs/Spatial_Audio_Framework/framework/include/saf_vbap.h"; sourceTree = "SOURCE_ROOT"; };
		2ED509F5363DB49CD86EAD87 = {isa = PBXFileReference; lastKnownFileType = file; name = "juce_gui_extra"; path = "../../../../../../SDKs/modules/juce_gui_extra"; sourceTree = "SOURCE_ROOT"; };
		30347574AF27DA75C705DA3B = {isa = PBXFileReference; lastKnownFileType = file; name = "juce_cryptography"; path = "../../../../../../SDKs/modules/juce_cryptography"; sourceTree = "SOURCE_ROOT"; };
		36316A25ABCB16A95EE107B9 = {isa = PBXFileReference; lastKnownFileType = wrapper.framework; name = CoreAudio.framework; path = System/Library/Frameworks/CoreAudio.framework; sourceTree = SDKROOT; };
		3AEDD39DD688F10A96C1152B = {isa = PBXFileReference; lastKnownFileType = sourcecode.c.h; name = "rotator_internal.h"; path = "../../../../../../SDKs/Spatial_Audio_Framework/examples/rotator/src/rotator_internal.h"; sourceTree = "SOURCE_ROOT"; };
		3E61686D0DF39EC8545FDD57 = {isa = PBXFileReference; lastKnownFileType = sourcecode.c.h; name = PluginEditor.h; path = ../../../../src/PluginEditor.h; sourceTree = "SOURCE_ROOT"; };
		3EA28D535FDA5020036CF125 = {isa = PBXFileReference; lastKnownFileType = sourcecode.cpp.objcpp; name = "include_juce_gui_basics.mm"; path = "../../../../juce/sparta_rotator_o3/JuceLibraryCode/include_juce_gui_basics.mm"; sourceTree = "SOURCE_ROOT"; };
		48A864EAD09FA8E342FDD613 = {isa = PBXFileReference; lastKnownFileType = sourcecode.cpp.objcpp; name = "include_juce_gui_extra.mm"; path = "../../../../juce/sparta_rotator_o3/JuceLibraryCode/include_juce_gui_extra.mm"; sourceTree = "SOURCE_ROOT"; };
		491A8D53248FEA4513BB062B = {isa = PBXFileReference; lastKnownFileType = sourcecode.cpp.objcpp; name = "include_juce_graphics.mm"; path = "../../../../juce/sparta_rotator_o3/JuceLibraryCode/include_juce_graphics.mm"; sourceTree = "SOURCE_ROOT"; };
		4BB6EA76E53C9E31F3716D85 = {isa = PBXFileReference; lastKnownFileType = file; name = "juce_audio_devices"; path = "../../../../../../SDKs/modules/juce_audio_devices"; sourceTree = "SOURCE_ROOT"; };
		4C271405CE31A8D04323510B = {isa = PBXFileReference; lastKnownFileType = sourcecode.cpp.cpp; name = PluginProcessor.cpp; path = ../../../../src/PluginProcessor.cpp; sourceTree = "SOURCE_ROOT"; };
		4CBDDE93A686112FB6E60438 = {isa = PBXFileReference; lastKnownFileType = wrapper.framework; name = AudioToolbox.framework; path = System/Library/Frameworks/AudioToolbox.framework; sourceTree = SDKROOT; };
		4E85FDF2209DEA68ECD5B517 = {isa = PBXFileReference; lastKnownFileType = sourcecode.c.h; name = "saf_hrir_internal.h"; path = "../../../../../../SDKs/Spatial_Audio_Framework/framework/saf_hrir/saf_hrir_internal.h"; sourceTree = "SOURCE_ROOT"; };
		4FF8F1AE3F5EDCA52DE5F62A = {isa = PBXFileReference; lastKnownFileType = sourcecode.c.h; name = "saf_malloc.h"; path = "../../../../../../SDKs/Spatial_Audio_Framework/framework/saf_utilities/saf_malloc.h"; sourceTree = "SOURCE_ROOT"; };
		522DFFF87B73D991BC92F168 = {isa = PBXFileReference; lastKnownFileType = sourcecode.c.h; name = AppConfig.h; path = "../../../../juce/sparta_rotator_o3/JuceLibraryCode/AppConfig.h"; sourceTree = "SOURCE_ROOT"; };
		58F37D8B491604E095EEF0FF = {isa = PBXFileReference; lastKnownFileType = sourcecode.c.h; name = fft4g.h; path = "../../../../../../SDKs/Spatial_Audio_Framework/framework/saf_afstft/fft4g.h"; sourceTree = "SOURCE_ROOT"; };
		5C0F2B0DA97149FF0D58EA88 = {isa = PBXFileReference; lastKnownFileType = file; name = "juce_audio_processors"; path = "../../../../../../SDKs/modules/juce_audio_processors"; sourceTree = "SOURCE_ROOT"; };
		5D6AB89AA571BE585E3606E7 = {isa = PBXFileReference; lastKnownFileType = text.plist.xml; name = "Info-VST.plist"; path = "Info-VST.plist"; sourceTree = "SOURCE_ROOT"; };
		62F0B2F13794D301CC97CE9E = {isa = PBXFileReference; lastKnownFileType = file; name = "juce_audio_plugin_client"; path = "../../../../../../SDKs/modules/juce_audio_plugin_client"; sourceTree = "SOURCE_ROOT"; };
		635765DA632B7E3B7097524D = {isa = PBXFileReference; lastKnownFileType = sourcecode.c.c; name = "saf_free.c"; path = "../../../../../../SDKs/Spatial_Audio_Framework/framework/saf_utilities/saf_free.c"; sourceTree = "SOURCE_ROOT"; };
		63A8FEDA1D105F44CBD0F282 = {isa = PBXFileReference; lastKnownFileType = sourcecode.c.h; name = "saf_complex.h"; path = "../../../../../../SDKs/Spatial_Audio_Framework/framework/saf_utilities/saf_complex.h"; sourceTree = "SOURCE_ROOT"; };
		6777DDB398A96E21A0E8CC88 = {isa = PBXFileReference; lastKnownFileType = sourcecode.c.h; name = rotator.h; path = "../../../../../../SDKs/Spatial_Audio_Framework/examples/rotator/include/rotator.h"; sourceTree = "SOURCE_ROOT"; };
		67B3E9904D9F47220D60FB15 = {isa = PBXFileReference; lastKnownFileType = sourcecode.c.c; name = "saf_hoa_internal.c"; path = "../../../../../../SDKs/Spatial_Audio_Framework/framework/saf_hoa/saf_hoa_internal.c"; sourceTree = "SOURCE_ROOT"; };
		6974CEE45F00F31376559742 = {isa = PBXFileReference; lastKnownFileType = sourcecode.cpp.objcpp; name = "include_juce_audio_formats.mm"; path = "../../../../juce/sparta_rotator_o3/JuceLibraryCode/include_juce_audio_formats.mm"; sourceTree = "SOURCE_ROOT"; };
		69AABFCDE293FFEA4DDC262F = {isa = PBXFileReference; lastKnownFileType = wrapper.framework; name = QuartzCore.framework; path = System/Library/Frameworks/QuartzCore.framework; sourceTree = SDKROOT; };
		6B94034CA5358F107EDF2ED1 = {isa = PBXFileReference; lastKnownFileType = sourcecode.cpp.cpp; name = "include_juce_osc.cpp"; path = "../../../../juce/sparta_rotator_o3/JuceLibraryCode/include_juce_osc.cpp"; sourceTree = "SOURCE_ROOT"; };
		6C53579B10266B96022F975A = {isa = PBXFileReference; lastKnownFileType = sourcecode.c.h; name = "saf_vbap_internal.h"; path = "../../../../../../SDKs/Spatial_Audio_Framework/framework/saf_vbap/saf_vbap_internal.h"; sourceTree = "SOURCE_ROOT"; };
		6CA9D9D86F26A04790F51DFF = {isa = PBXFileReference; lastKnownFileType = file; name = "juce_audio_formats"; path = "../../../../../../SDKs/modules/juce_audio_formats"; sourceTree = "SOURCE_ROOT"; };
		6CAE5F839EA776A685E9A98A = {isa = PBXFileReference; lastKnownFileType = sourcecode.c.h; name = "saf_hoa_internal.h"; path = "../../../../../../SDKs/Spatial_Audio_Framework/framework/saf_hoa/saf_hoa_internal.h"; sourceTree = "SOURCE_ROOT"; };
		6CEDEEF4C743E372F14A62A0 = {isa = PBXFileReference; lastKnownFileType = sourcecode.c.h; name = "saf_sh.h"; path = "../../../../../../SDKs/Spatial_Audio_Framework/framework/include/saf_sh.h"; sourceTree = "SOURCE_ROOT"; };
		6EA644CF6EA94CDAB0FC13B0 = {isa = PBXFileReference; lastKnownFileType = sourcecode.c.c; name = "saf_hoa.c"; path = "../../../../../../SDKs/Spatial_Audio_Framework/framework/saf_hoa/saf_hoa.c"; sourceTree = "SOURCE_ROOT"; };
		6F67DB9471547286ACF4FE48 = {isa = PBXFileReference; lastKnownFileType = wrapper.framework; name = Cocoa.framework; path = System/Library/Frameworks/Cocoa.framework; sourceTree = SDKROOT; };
		701487DAFD21EB1CF4753669 = {isa = PBXFileReference; lastKnownFileType = sourcecode.cpp.cpp; name = "include_juce_audio_plugin_client_utils.cpp"; path = "../../../../juce/sparta_rotator_o3/JuceLibraryCode/include_juce_audio_plugin_client_utils.cpp"; sourceTree = "SOURCE_ROOT"; };
		71639FE18140B71C9034E1AE = {isa = PBXFileReference; lastKnownFileType = sourcecode.c.h; name = "saf_calloc.h"; path = "../../../../../../SDKs/Spatial_Audio_Framework/framework/saf_utilities/saf_calloc.h"; sourceTree = "SOURCE_ROOT"; };
		7AE0B760E85FBE458769B3A0 = {isa = PBXFileReference; lastKnownFileType = sourcecode.c.c; name = "saf_sh_internal.c"; path = "../../../../../../SDKs/Spatial_Audio_Framework/framework/saf_sh/saf_sh_internal.c"; sourceTree = "SOURCE_ROOT"; };
		7C71AC0097E2B3096E3D053A = {isa = PBXFileReference; lastKnownFileType = file; name = "juce_osc"; path = "../../../../../../SDKs/modules/juce_osc"; sourceTree = "SOURCE_ROOT"; };
		7C781DAE5F61B81DF8062703 = {isa = PBXFileReference; lastKnownFileType = sourcecode.c.h; name = JuceHeader.h; path = "../../../../juce/sparta_rotator_o3/JuceLibraryCode/JuceHeader.h"; sourceTree = "SOURCE_ROOT"; };
		7D90A2A43A7B35DC83539DE1 = {isa = PBXFileReference; lastKnownFileType = sourcecode.c.h; name = "saf_veclib.h"; path = "../../../../../../SDKs/Spatial_Audio_Framework/framework/saf_utilities/saf_veclib.h"; sourceTree = "SOURCE_ROOT"; };
		834C8388AFB082511262978D = {isa = PBXFileReference; lastKnownFileType = sourcecode.c.c; name = "saf_veclib.c"; path = "../../../../../../SDKs/Spatial_Audio_Framework/framework/saf_utilities/saf_veclib.c"; sourceTree = "SOURCE_ROOT"; };
		8590C56E0D1755150AB690A5 = {isa = PBXFileReference; lastKnownFileType = sourcecode.cpp.cpp; name = "include_juce_audio_plugin_client_VST2.cpp"; path = "../../../../juce/sparta_rotator_o3/JuceLibraryCode/include_juce_audio_plugin_client_VST2.cpp"; sourceTree = "SOURCE_ROOT"; };
		862AC750F706450099B6EC88 = {isa = PBXFileReference; lastKnownFileType = sourcecode.c.c; name = "saf_vbap.c"; path = "../../../../../../SDKs/Spatial_Audio_Framework/framework/saf_vbap/saf_vbap.c"; sourceTree = "SOURCE_ROOT"; };
		8C62DCE07CD48D6D74320EFF = {isa = PBXFileReference; lastKnownFileType = sourcecode.c.h; name = "saf_sh_internal.h"; path = "../../../../../../SDKs/Spatial_Audio_Framework/framework/saf_sh/saf_sh_internal.h"; sourceTree = "SOURCE_ROOT"; };
		8D3BC2969B67589A9F7E1152 = {isa = PBXFileReference; lastKnownFileType = sourcecode.c.h; name = "saf_hoa.h"; path = "../../../../../../SDKs/Spatial_Audio_Framework/framework/include/saf_hoa.h"; sourceTree = "SOURCE_ROOT"; };
		8DC36A617A9A4E051CA6BD98 = {isa = PBXFileReference; lastKnownFileType = file; name = "juce_gui_basics"; path = "../../../../../../SDKs/modules/juce_gui_basics"; sourceTree = "SOURCE_ROOT"; };
		92FE9D4C3B4FD1446C4D5104 = {isa = PBXFileReference; lastKnownFileType = text.plist.xml; name = "sparta_rotator_o3.entitlements"; path = "sparta_rotator_o3.entitlements"; sourceTree = "SOURCE_ROOT"; };
		95FA46534DFCDF9B0BE489E3 = {isa = PBXFileReference; lastKnownFileType = sourcecode.c.c; name = "saf_complex.c"; path = "../../../../../../SDKs/Spatial_Audio_Framework/framework/saf_utilities/saf_complex.c"; sourceTree = "SOURCE_ROOT"; };
		9C18B862D62EBF520957AC7F = {isa = PBXFileReference; lastKnownFileType = sourcecode.cpp.objcpp; name = "include_juce_audio_basics.mm"; path = "../../../../juce/sparta_rotator_o3/JuceLibraryCode/include_juce_audio_basics.mm"; sourceTree = "SOURCE_ROOT"; };
		9C96F5DBB55967AF40344C74 = {isa = PBXFileReference; lastKnownFileType = sourcecode.c.c; name = "saf_calloc.c"; path = "../../../../../../SDKs/Spatial_Audio_Framework/framework/saf_utilities/saf_calloc.c"; sourceTree = "SOURCE_ROOT"; };
		9E3D64F42728B2EE5C13C9CF = {isa = PBXFileReference; lastKnownFileType = sourcecode.c.h; name = "saf_loudspeaker_presets.h"; path = "../../../../../../SDKs/Spatial_Audio_Framework/framework/saf_utilities/saf_loudspeaker_presets.h"; sourceTree = "SOURCE_ROOT"; };
		9FE5666E9922FEA4CD9B7327 = {isa = PBXFileReference; lastKnownFileType = sourcecode.c.c; name = "saf_loudspeaker_presets.c"; path = "../../../../../../SDKs/Spatial_Audio_Framework/framework/saf_utilities/saf_loudspeaker_presets.c"; sourceTree = "SOURCE_ROOT"; };
		AA4EA097ED1F187FA8A8202D = {isa = PBXFileReference; lastKnownFileType = sourcecode.c.c; name = "saf_sensorarray_presets.c"; path = "../../../../../../SDKs/Spatial_Audio_Framework/framework/saf_utilities/saf_sensorarray_presets.c"; sourceTree = "SOURCE_ROOT"; };
		B17E63087E0C97315680716B = {isa = PBXFileReference; lastKnownFileType = sourcecode.c.c; name = "saf_hrir.c"; path = "../../../../../../SDKs/Spatial_Audio_Framework/framework/saf_hrir/saf_hrir.c"; sourceTree = "SOURCE_ROOT"; };
		B3B6D47D71F2CEA1599FEA89 = {isa = PBXFileReference; explicitFileType = archive.ar; includeInIndex = 0; path = "libsparta_rotator_o3d.a"; sourceTree = "BUILT_PRODUCTS_DIR"; };
		B675D9ACE4E7DB932DB62664 = {isa = PBXFileReference; lastKnownFileType = sourcecode.c.c; name = "saf_vbap_internal.c"; path = "../../../../../../SDKs/Spatial_Audio_Framework/framework/saf_vbap/saf_vbap_internal.c"; sourceTree = "SOURCE_ROOT"; };
		BF056AA0E21D0ACA6027AD70 = {isa = PBXFileReference; lastKnownFileType = sourcecode.c.c; name = "saf_malloc.c"; path = "../../../../../../SDKs/Spatial_Audio_Framework/framework/saf_utilities/saf_malloc.c"; sourceTree = "SOURCE_ROOT"; };
		C493242FAE234F8E5B146235 = {isa = PBXFileReference; lastKnownFileType = sourcecode.c.h; name = "saf_hrir.h"; path = "../../../../../../SDKs/Spatial_Audio_Framework/framework/include/saf_hrir.h"; sourceTree = "SOURCE_ROOT"; };
		C7E0192A885A88A30357D6E8 = {isa = PBXFileReference; lastKnownFileType = sourcecode.c.h; name = "afSTFT_protoFilter.h"; path = "../../../../../../SDKs/Spatial_Audio_Framework/framework/saf_afstft/afSTFT_protoFilter.h"; sourceTree = "SOURCE_ROOT"; };
		CEF37AE39A09D01EA1870939 = {isa = PBXFileReference; lastKnownFileType = file; name = "juce_opengl"; path = "../../../../../../SDKs/modules/juce_opengl"; sourceTree = "SOURCE_ROOT"; };
		D1B51AE2E95DCB7D143D13D2 = {isa = PBXFileReference; lastKnownFileType = sourcecode.cpp.objcpp; name = "include_juce_events.mm"; path = "../../../../juce/sparta_rotator_o3/JuceLibraryCode/include_juce_events.mm"; sourceTree = "SOURCE_ROOT"; };
		D3654810764DA8E34316F0D6 = {isa = PBXFileReference; lastKnownFileType = sourcecode.cpp.objcpp; name = "include_juce_core.mm"; path = "../../../../juce/sparta_rotator_o3/JuceLibraryCode/include_juce_core.mm"; sourceTree = "SOURCE_ROOT"; };
		D437B10EB3E86D6FECEC67C3 = {isa = PBXFileReference; lastKnownFileType = sourcecode.c.c; name = vecTools.c; path = "../../../../../../SDKs/Spatial_Audio_Framework/framework/saf_afstft/vecTools.c"; sourceTree = "SOURCE_ROOT"; };
		D54F9241A2B477CE32CFD341 = {isa = PBXFileReference; lastKnownFileType = sourcecode.c.c; name = "saf_cdf4sap.c"; path = "../../../../../../SDKs/Spatial_Audio_Framework/framework/saf_cdf4sap/saf_cdf4sap.c"; sourceTree = "SOURCE_ROOT"; };
		D5B51FCB99542ABCCC8CDC40 = {isa = PBXFileReference; lastKnownFileType = sourcecode.c.c; name = "saf_hrir_internal.c"; path = "../../../../../../SDKs/Spatial_Audio_Framework/framework/saf_hrir/saf_hrir_internal.c"; sourceTree = "SOURCE_ROOT"; };
		D63E7CAC1464B576C52C8F55 = {isa = PBXFileReference; lastKnownFileType = file; name = "juce_core"; path = "../../../../../../SDKs/modules/juce_core"; sourceTree = "SOURCE_ROOT"; };
		DC4375A4B219B3153CF615E3 = {isa = PBXFileReference; lastKnownFileType = sourcecode.c.c; name = fft4g.c; path = "../../../../../../SDKs/Spatial_Audio_Framework/framework/saf_afstft/fft4g.c"; sourceTree = "SOURCE_ROOT"; };
		DC5D13B4DCBABE608175BE0A = {isa = PBXFileReference; lastKnownFileType = sourcecode.c.h; name = "saf_free.h"; path = "../../../../../../SDKs/Spatial_Audio_Framework/framework/saf_utilities/saf_free.h"; sourceTree = "SOURCE_ROOT"; };
		DE932ABFBB366FEE396F47C4 = {isa = PBXFileReference; lastKnownFileType = sourcecode.c.h; name = afSTFTlib.h; path = "../../../../../../SDKs/Spatial_Audio_Framework/framework/include/afSTFTlib.h"; sourceTree = "SOURCE_ROOT"; };
		E0092B758940E8498DA2FDC2 = {isa = PBXFileReference; lastKnownFileType = file; name = "juce_audio_basics"; path = "../../../../../../SDKs/modules/juce_audio_basics"; sourceTree = "SOURCE_ROOT"; };
		E12B88E3E72D474E6AB195E2 = {isa = PBXFileReference; lastKnownFileType = wrapper.framework; name = Accelerate.framework; path = System/Library/Frameworks/Accelerate.framework; sourceTree = SDKROOT; };
		E12C5C4DFE19D876DAF8B905 = {isa = PBXFileReference; lastKnownFileType = wrapper.framework; name = CoreMIDI.framework; path = System/Library/Frameworks/CoreMIDI.framework; sourceTree = SDKROOT; };
		E387182EBC6C47661614EA56 = {isa = PBXFileReference; lastKnownFileType = sourcecode.c.c; name = rotator.c; path = "../../../../../../SDKs/Spatial_Audio_Framework/examples/rotator/src/rotator.c"; sourceTree = "SOURCE_ROOT"; };
		E6587E70DD274E8A8929E028 = {isa = PBXFileReference; lastKnownFileType = sourcecode.c.h; name = "saf_utilities.h"; path = "../../../../../../SDKs/Spatial_Audio_Framework/framework/include/saf_utilities.h"; sourceTree = "SOURCE_ROOT"; };
		EFA1AA062C2371E00A932006 = {isa = PBXFileReference; lastKnownFileType = wrapper.framework; name = Carbon.framework; path = System/Library/Frameworks/Carbon.framework; sourceTree = SDKROOT; };
		EFD595CBFB6A9A3523C16314 = {isa = PBXFileReference; lastKnownFileType = wrapper.framework; name = WebKit.framework; path = System/Library/Frameworks/WebKit.framework; sourceTree = SDKROOT; };
		F27E7E98AA618C63288B66D2 = {isa = PBXFileReference; lastKnownFileType = sourcecode.c.h; name = "saf_sensorarray_presets.h"; path = "../../../../../../SDKs/Spatial_Audio_Framework/framework/saf_utilities/saf_sensorarray_presets.h"; sourceTree = "SOURCE_ROOT"; };
		F298683495A329E8DAFA014E = {isa = PBXFileReference; lastKnownFileType = file; name = "juce_events"; path = "../../../../../../SDKs/modules/juce_events"; sourceTree = "SOURCE_ROOT"; };
		F395B64E2BE5D3F24FE56B5F = {isa = PBXFileReference; lastKnownFileType = wrapper.framework; name = OpenGL.framework; path = System/Library/Frameworks/OpenGL.framework; sourceTree = SDKROOT; };
		F482B686A7D210D86151076D = {isa = PBXFileReference; lastKnownFileType = sourcecode.cpp.objcpp; name = "include_juce_audio_processors.mm"; path = "../../../../juce/sparta_rotator_o3/JuceLibraryCode/include_juce_audio_processors.mm"; sourceTree = "SOURCE_ROOT"; };
		F7EF53888CF6DB74CB3FCF48 = {isa = PBXFileReference; lastKnownFileType = sourcecode.c.h; name = "saf_sofa_reader.h"; path = "../../../../../../SDKs/Spatial_Audio_Framework/framework/include/saf_sofa_reader.h"; sourceTree = "SOURCE_ROOT"; };
		C419C52F3A9096AE0721E5D1 = {isa = PBXGroup; children = (
					6777DDB398A96E21A0E8CC88,
					3AEDD39DD688F10A96C1152B, ); name = "Header Files"; sourceTree = "<group>"; };
		2A97F107ECDFBC8232739198 = {isa = PBXGroup; children = (
					E387182EBC6C47661614EA56,
					0BCE777CC5E7BC16A357117D, ); name = "Source Files"; sourceTree = "<group>"; };
		67313B96092F3F1DEE0115DC = {isa = PBXGroup; children = (
					C419C52F3A9096AE0721E5D1,
					2A97F107ECDFBC8232739198, ); name = rotator; sourceTree = "<group>"; };
		A4B8EF546C95EAE7A51DA2ED = {isa = PBXGroup; children = (
					DE932ABFBB366FEE396F47C4,
					212D7F8260E1DA1F5C4910C3,
					0300686C6CD618C63B6A7581,
					8D3BC2969B67589A9F7E1152,
					C493242FAE234F8E5B146235,
					6CEDEEF4C743E372F14A62A0,
					F7EF53888CF6DB74CB3FCF48,
					E6587E70DD274E8A8929E028,
					2B6906DE8405886C2ED7A232, ); name = include; sourceTree = "<group>"; };
		A0D031D718B998F700E27B2A = {isa = PBXGroup; children = (
					C7E0192A885A88A30357D6E8,
					173DCF20E65D96FE5C40E668,
					DC4375A4B219B3153CF615E3,
					58F37D8B491604E095EEF0FF,
					D437B10EB3E86D6FECEC67C3,
					20DEF8DC62994F9E81A35DAB, ); name = "saf_afstft"; sourceTree = "<group>"; };
		990DEC507B0837C803E69130 = {isa = PBXGroup; children = (
					D54F9241A2B477CE32CFD341, ); name = "saf_cdf4sap"; sourceTree = "<group>"; };
		C4B3B6EDD0D303F8E625F6A0 = {isa = PBXGroup; children = (
					6EA644CF6EA94CDAB0FC13B0,
					67B3E9904D9F47220D60FB15,
					6CAE5F839EA776A685E9A98A, ); name = "saf_hoa"; sourceTree = "<group>"; };
		11734CC6F28E1F1E7576C0BA = {isa = PBXGroup; children = (
					B17E63087E0C97315680716B,
					D5B51FCB99542ABCCC8CDC40,
					4E85FDF2209DEA68ECD5B517, ); name = "saf_hrir"; sourceTree = "<group>"; };
		551FF71231484038434B9F5B = {isa = PBXGroup; children = (
					2B003F6EEE00F3B4246B1A6A,
					7AE0B760E85FBE458769B3A0,
					8C62DCE07CD48D6D74320EFF, ); name = "saf_sh"; sourceTree = "<group>"; };
		A093DD7A1EFBADE532CBF0BF = {isa = PBXGroup; children = (
					9C96F5DBB55967AF40344C74,
					71639FE18140B71C9034E1AE,
					95FA46534DFCDF9B0BE489E3,
					63A8FEDA1D105F44CBD0F282,
					635765DA632B7E3B7097524D,
					DC5D13B4DCBABE608175BE0A,
					9FE5666E9922FEA4CD9B7327,
					9E3D64F42728B2EE5C13C9CF,
					BF056AA0E21D0ACA6027AD70,
					4FF8F1AE3F5EDCA52DE5F62A,
					AA4EA097ED1F187FA8A8202D,
					F27E7E98AA618C63288B66D2,
					834C8388AFB082511262978D,
					7D90A2A43A7B35DC83539DE1, ); name = "saf_utilities"; sourceTree = "<group>"; };
		8D499EB1BED3F60032956FD9 = {isa = PBXGroup; children = (
					862AC750F706450099B6EC88,
					B675D9ACE4E7DB932DB62664,
					6C53579B10266B96022F975A, ); name = "saf_vbap"; sourceTree = "<group>"; };
		D25AB69464B3AD508992DE22 = {isa = PBXGroup; children = (
					A4B8EF546C95EAE7A51DA2ED,
					A0D031D718B998F700E27B2A,
					990DEC507B0837C803E69130,
					C4B3B6EDD0D303F8E625F6A0,
					11734CC6F28E1F1E7576C0BA,
					551FF71231484038434B9F5B,
					A093DD7A1EFBADE532CBF0BF,
					8D499EB1BED3F60032956FD9, ); name = framework; sourceTree = "<group>"; };
		E4D64A143297EDA2385511F0 = {isa = PBXGroup; children = (
					D25AB69464B3AD508992DE22, ); name = "Spatial_Audio_Framework"; sourceTree = "<group>"; };
		32A1B937A17DAEEAA0CDAC00 = {isa = PBXGroup; children = (
					0E4A5B853F9C045F70EF1577,
					3E61686D0DF39EC8545FDD57,
					4C271405CE31A8D04323510B,
					063CBB2A6E151E5887341712,
					67313B96092F3F1DEE0115DC,
					E4D64A143297EDA2385511F0, ); name = "sparta_rotator_o3"; sourceTree = "<group>"; };
		D66332945D902BD6015034FA = {isa = PBXGroup; children = (
					E0092B758940E8498DA2FDC2,
					4BB6EA76E53C9E31F3716D85,
					6CA9D9D86F26A04790F51DFF,
					62F0B2F13794D301CC97CE9E,
					5C0F2B0DA97149FF0D58EA88,
					D63E7CAC1464B576C52C8F55,
					30347574AF27DA75C705DA3B,
					0D614617A85F3371231759B0,
					F298683495A329E8DAFA014E,
					04ED9BE468CDE97F564A5758,
					8DC36A617A9A4E051CA6BD98,
					2ED509F5363DB49CD86EAD87,
					CEF37AE39A09D01EA1870939,
					7C71AC0097E2B3096E3D053A, ); name = "JUCE Modules"; sourceTree = "<group>"; };
		DD52C93E7CAAC17AF4B853EB = {isa = PBXGroup; children = (
					522DFFF87B73D991BC92F168,
					9C18B862D62EBF520957AC7F,
					284503AEAF4E812B929A0FD0,
					6974CEE45F00F31376559742,
					701487DAFD21EB1CF4753669,
					1040B574A7C5C9A886F96D8E,
					8590C56E0D1755150AB690A5,
					F482B686A7D210D86151076D,
					D3654810764DA8E34316F0D6,
					1132605CE9DD68C0595EB41C,
					24F9CA6666C172DE739FD763,
					D1B51AE2E95DCB7D143D13D2,
					491A8D53248FEA4513BB062B,
					3EA28D535FDA5020036CF125,
					48A864EAD09FA8E342FDD613,
					22272FDC02E08D0EADFF322E,
					6B94034CA5358F107EDF2ED1,
					7C781DAE5F61B81DF8062703, ); name = "JUCE Library Code"; sourceTree = "<group>"; };
		BD08387B1CA82FBF3EF9DE8B = {isa = PBXGroup; children = (
					5D6AB89AA571BE585E3606E7,
					24304AD5B0C1E66E7BD0508B, ); name = Resources; sourceTree = "<group>"; };
		DEEABF6D123124EC1BE034F9 = {isa = PBXGroup; children = (
					E12B88E3E72D474E6AB195E2,
					4CBDDE93A686112FB6E60438,
					EFA1AA062C2371E00A932006,
					6F67DB9471547286ACF4FE48,
					36316A25ABCB16A95EE107B9,
					E12C5C4DFE19D876DAF8B905,
					0F6B49FBAB625947F2547960,
					F395B64E2BE5D3F24FE56B5F,
					69AABFCDE293FFEA4DDC262F,
					EFD595CBFB6A9A3523C16314, ); name = Frameworks; sourceTree = "<group>"; };
		C1320C6972A1B44F59A3ABB7 = {isa = PBXGroup; children = (
					0284A74D43426A94BEBA58DE,
					B3B6D47D71F2CEA1599FEA89, ); name = Products; sourceTree = "<group>"; };
		D2E828249AD63D01CF4A6A14 = {isa = PBXGroup; children = (
					92FE9D4C3B4FD1446C4D5104,
					32A1B937A17DAEEAA0CDAC00,
					D66332945D902BD6015034FA,
					DD52C93E7CAAC17AF4B853EB,
					BD08387B1CA82FBF3EF9DE8B,
					DEEABF6D123124EC1BE034F9,
					C1320C6972A1B44F59A3ABB7, ); name = Source; sourceTree = "<group>"; };
		BBAEDCF9A04167B1491F2E68 = {isa = XCBuildConfiguration; buildSettings = {
				MACOSX_DEPLOYMENT_TARGET = 10.9; }; name = Debug; };
		13B31003375C288E85DF49BB = {isa = XCBuildConfiguration; buildSettings = {
				MACOSX_DEPLOYMENT_TARGET = 10.9; }; name = Release; };
		FE11BF6CC1DD8595A15CE890 = {isa = XCBuildConfiguration; buildSettings = {
				ARCHS = "$(ARCHS_STANDARD_64_BIT)";
				CLANG_CXX_LANGUAGE_STANDARD = "c++11";
				CLANG_LINK_OBJC_RUNTIME = NO;
				COMBINE_HIDPI_IMAGES = YES;
				CONFIGURATION_BUILD_DIR = "$(PROJECT_DIR)/build/$(CONFIGURATION)";
				COPY_PHASE_STRIP = NO;
				DEPLOYMENT_LOCATION = YES;
				DSTROOT = /;
				GCC_DYNAMIC_NO_PIC = NO;
				GCC_OPTIMIZATION_LEVEL = 0;
				GCC_PREPROCESSOR_DEFINITIONS = (
					"_DEBUG=1",
					"DEBUG=1",
					"SH_ORDER=3",
					"FRAME_SIZE=256",
					"JUCER_XCODE_MAC_A9F78068=1",
					"JUCE_APP_VERSION=1.0.0",
					"JUCE_APP_VERSION_HEX=0x10000",
					"JucePlugin_Build_VST=1",
					"JucePlugin_Build_VST3=0",
					"JucePlugin_Build_AU=0",
					"JucePlugin_Build_AUv3=0",
					"JucePlugin_Build_RTAS=0",
					"JucePlugin_Build_AAX=0",
					"JucePlugin_Build_Standalone=0", );
				GCC_VERSION = com.apple.compilers.llvm.clang.1_0;
				GENERATE_PKGINFO_FILE = YES;
				HEADER_SEARCH_PATHS = ("../../../../juce/sparta_rotator_o3/JuceLibraryCode", "../../../../../../SDKs/modules", "../../../../../../SDKs/Spatial_Audio_Framework/framework/include", "../../../../../../SDKs/Spatial_Audio_Framework/examples/rotator/include", "../../../../../../SDKs/modules/juce_audio_plugin_client", "$(inherited)");
				INFOPLIST_FILE = Info-VST.plist;
				INFOPLIST_PREPROCESS = NO;
				INSTALL_PATH = "$(HOME)/Library/Audio/Plug-Ins/VST/";
				LIBRARY_STYLE = Bundle;
				MACOSX_DEPLOYMENT_TARGET = 10.9;
				MACOSX_DEPLOYMENT_TARGET_ppc = 10.4;
				OTHER_LDFLAGS = "-bundle -lsparta_rotator_o3d";
				PRODUCT_BUNDLE_IDENTIFIER = com.AALTO.SPARTA;
				SDKROOT_ppc = macosx10.5;
				USE_HEADERMAP = NO;
				WRAPPER_EXTENSION = vst; }; name = Debug; };
		08258B6FE107E5DD391A2D26 = {isa = XCBuildConfiguration; buildSettings = {
				ARCHS = "$(ARCHS_STANDARD_64_BIT)";
				CLANG_CXX_LANGUAGE_STANDARD = "c++11";
				CLANG_LINK_OBJC_RUNTIME = NO;
				COMBINE_HIDPI_IMAGES = YES;
				CONFIGURATION_BUILD_DIR = "$(PROJECT_DIR)/build/$(CONFIGURATION)";
				DEAD_CODE_STRIPPING = YES;
				DEPLOYMENT_LOCATION = YES;
				DSTROOT = /;
				GCC_GENERATE_DEBUGGING_SYMBOLS = NO;
				GCC_OPTIMIZATION_LEVEL = 3;
				GCC_PREPROCESSOR_DEFINITIONS = (
					"_NDEBUG=1",
					"NDEBUG=1",
					"SH_ORDER=3",
					"FRAME_SIZE=256",
					"JUCER_XCODE_MAC_A9F78068=1",
					"JUCE_APP_VERSION=1.0.0",
					"JUCE_APP_VERSION_HEX=0x10000",
					"JucePlugin_Build_VST=1",
					"JucePlugin_Build_VST3=0",
					"JucePlugin_Build_AU=0",
					"JucePlugin_Build_AUv3=0",
					"JucePlugin_Build_RTAS=0",
					"JucePlugin_Build_AAX=0",
					"JucePlugin_Build_Standalone=0", );
				GCC_SYMBOLS_PRIVATE_EXTERN = YES;
				GCC_VERSION = com.apple.compilers.llvm.clang.1_0;
				GENERATE_PKGINFO_FILE = YES;
				HEADER_SEARCH_PATHS = ("../../../../juce/sparta_rotator_o3/JuceLibraryCode", "../../../../../../SDKs/modules", "../../../../../../SDKs/Spatial_Audio_Framework/framework/include", "../../../../../../SDKs/Spatial_Audio_Framework/examples/rotator/include", "../../../../../../SDKs/modules/juce_audio_plugin_client", "$(inherited)");
				INFOPLIST_FILE = Info-VST.plist;
				INFOPLIST_PREPROCESS = NO;
				INSTALL_PATH = "$(HOME)/Library/Audio/Plug-Ins/VST/";
				LIBRARY_STYLE = Bundle;
				LLVM_LTO = YES;
				MACOSX_DEPLOYMENT_TARGET = 10.9;
				MACOSX_DEPLOYMENT_TARGET_ppc = 10.4;
				OTHER_LDFLAGS = "-bundle -lsparta_rotator_o3";
				PRODUCT_BUNDLE_IDENTIFIER = com.AALTO.SPARTA;
				SDKROOT_ppc = macosx10.5;
				USE_HEADERMAP = NO;
				WRAPPER_EXTENSION = vst; }; name = Release; };
		DF828A93703B4E59B120047E = {isa = XCBuildConfiguration; buildSettings = {
				ARCHS = "$(ARCHS_STANDARD_64_BIT)";
				CLANG_CXX_LANGUAGE_STANDARD = "c++11";
				CLANG_LINK_OBJC_RUNTIME = NO;
				COMBINE_HIDPI_IMAGES = YES;
				CONFIGURATION_BUILD_DIR = "$(PROJECT_DIR)/build/$(CONFIGURATION)";
				COPY_PHASE_STRIP = NO;
				GCC_DYNAMIC_NO_PIC = NO;
				GCC_OPTIMIZATION_LEVEL = 0;
				GCC_PREPROCESSOR_DEFINITIONS = (
					"_DEBUG=1",
					"DEBUG=1",
					"SH_ORDER=3",
					"FRAME_SIZE=256",
					"JUCER_XCODE_MAC_A9F78068=1",
					"JUCE_APP_VERSION=1.0.0",
					"JUCE_APP_VERSION_HEX=0x10000",
					"JucePlugin_Build_VST=1",
					"JucePlugin_Build_VST3=0",
					"JucePlugin_Build_AU=0",
					"JucePlugin_Build_AUv3=0",
					"JucePlugin_Build_RTAS=0",
					"JucePlugin_Build_AAX=0",
					"JucePlugin_Build_Standalone=0",
					"JUCE_SHARED_CODE=1", );
				GCC_VERSION = com.apple.compilers.llvm.clang.1_0;
				HEADER_SEARCH_PATHS = ("../../../../juce/sparta_rotator_o3/JuceLibraryCode", "../../../../../../SDKs/modules", "../../../../../../SDKs/Spatial_Audio_Framework/framework/include", "../../../../../../SDKs/Spatial_Audio_Framework/examples/rotator/include", "../../../../../../SDKs/modules/juce_audio_plugin_client", "$(inherited)");
				INSTALL_PATH = "@executable_path/../Frameworks";
				MACOSX_DEPLOYMENT_TARGET = 10.9;
				MACOSX_DEPLOYMENT_TARGET_ppc = 10.4;
				PRODUCT_BUNDLE_IDENTIFIER = com.AALTO.SPARTA;
				SDKROOT_ppc = macosx10.5;
				USE_HEADERMAP = NO; }; name = Debug; };
		C19C3B6C902CC4E3EFC5D474 = {isa = XCBuildConfiguration; buildSettings = {
				ARCHS = "$(ARCHS_STANDARD_64_BIT)";
				CLANG_CXX_LANGUAGE_STANDARD = "c++11";
				CLANG_LINK_OBJC_RUNTIME = NO;
				COMBINE_HIDPI_IMAGES = YES;
				CONFIGURATION_BUILD_DIR = "$(PROJECT_DIR)/build/$(CONFIGURATION)";
				DEAD_CODE_STRIPPING = YES;
				GCC_GENERATE_DEBUGGING_SYMBOLS = NO;
				GCC_OPTIMIZATION_LEVEL = 3;
				GCC_PREPROCESSOR_DEFINITIONS = (
					"_NDEBUG=1",
					"NDEBUG=1",
					"SH_ORDER=3",
					"FRAME_SIZE=256",
					"JUCER_XCODE_MAC_A9F78068=1",
					"JUCE_APP_VERSION=1.0.0",
					"JUCE_APP_VERSION_HEX=0x10000",
					"JucePlugin_Build_VST=1",
					"JucePlugin_Build_VST3=0",
					"JucePlugin_Build_AU=0",
					"JucePlugin_Build_AUv3=0",
					"JucePlugin_Build_RTAS=0",
					"JucePlugin_Build_AAX=0",
					"JucePlugin_Build_Standalone=0",
					"JUCE_SHARED_CODE=1", );
				GCC_SYMBOLS_PRIVATE_EXTERN = YES;
				GCC_VERSION = com.apple.compilers.llvm.clang.1_0;
				HEADER_SEARCH_PATHS = ("../../../../juce/sparta_rotator_o3/JuceLibraryCode", "../../../../../../SDKs/modules", "../../../../../../SDKs/Spatial_Audio_Framework/framework/include", "../../../../../../SDKs/Spatial_Audio_Framework/examples/rotator/include", "../../../../../../SDKs/modules/juce_audio_plugin_client", "$(inherited)");
				INSTALL_PATH = "@executable_path/../Frameworks";
				LLVM_LTO = YES;
				MACOSX_DEPLOYMENT_TARGET = 10.9;
				MACOSX_DEPLOYMENT_TARGET_ppc = 10.4;
				PRODUCT_BUNDLE_IDENTIFIER = com.AALTO.SPARTA;
				SDKROOT_ppc = macosx10.5;
				USE_HEADERMAP = NO; }; name = Release; };
		60079DB514338E1663AF9683 = {isa = XCBuildConfiguration; buildSettings = {
				ALWAYS_SEARCH_USER_PATHS = NO;
				CLANG_WARN_BLOCK_CAPTURE_AUTORELEASING = YES;
				CLANG_WARN_BOOL_CONVERSION = YES;
				CLANG_WARN_COMMA = YES;
				CLANG_WARN_CONSTANT_CONVERSION = YES;
				CLANG_WARN_EMPTY_BODY = YES;
				CLANG_WARN_ENUM_CONVERSION = YES;
				CLANG_WARN_INFINITE_RECURSION = YES;
				CLANG_WARN_INT_CONVERSION = YES;
				CLANG_WARN_NON_LITERAL_NULL_CONVERSION = YES;
				CLANG_WARN_OBJC_LITERAL_CONVERSION = YES;
				CLANG_WARN_RANGE_LOOP_ANALYSIS = YES;
				CLANG_WARN_STRICT_PROTOTYPES = YES;
				CLANG_WARN_SUSPICIOUS_MOVE = YES;
				CLANG_WARN_UNREACHABLE_CODE = YES;
				CLANG_WARN__DUPLICATE_METHOD_MATCH = YES;
				DEBUG_INFORMATION_FORMAT = "dwarf";
				ENABLE_STRICT_OBJC_MSGSEND = YES;
				ENABLE_TESTABILITY = YES;
				GCC_C_LANGUAGE_STANDARD = c11;
				GCC_INLINES_ARE_PRIVATE_EXTERN = YES;
				GCC_MODEL_TUNING = G5;
				GCC_NO_COMMON_BLOCKS = YES;
				GCC_WARN_64_TO_32_BIT_CONVERSION = YES;
				GCC_WARN_ABOUT_RETURN_TYPE = YES;
				GCC_WARN_CHECK_SWITCH_STATEMENTS = YES;
				GCC_WARN_MISSING_PARENTHESES = YES;
				GCC_WARN_NON_VIRTUAL_DESTRUCTOR = YES;
				GCC_WARN_TYPECHECK_CALLS_TO_PRINTF = YES;
				GCC_WARN_UNDECLARED_SELECTOR = YES;
				GCC_WARN_UNINITIALIZED_AUTOS = YES;
				GCC_WARN_UNUSED_FUNCTION = YES;
				GCC_WARN_UNUSED_VARIABLE = YES;
				PRODUCT_NAME = "sparta_rotator_o3d";
				WARNING_CFLAGS = -Wreorder;
				ZERO_LINK = NO; }; name = Debug; };
		FC4B306F0929E8B46FC426C7 = {isa = XCBuildConfiguration; buildSettings = {
				ALWAYS_SEARCH_USER_PATHS = NO;
				CLANG_WARN_BLOCK_CAPTURE_AUTORELEASING = YES;
				CLANG_WARN_BOOL_CONVERSION = YES;
				CLANG_WARN_COMMA = YES;
				CLANG_WARN_CONSTANT_CONVERSION = YES;
				CLANG_WARN_EMPTY_BODY = YES;
				CLANG_WARN_ENUM_CONVERSION = YES;
				CLANG_WARN_INFINITE_RECURSION = YES;
				CLANG_WARN_INT_CONVERSION = YES;
				CLANG_WARN_NON_LITERAL_NULL_CONVERSION = YES;
				CLANG_WARN_OBJC_LITERAL_CONVERSION = YES;
				CLANG_WARN_RANGE_LOOP_ANALYSIS = YES;
				CLANG_WARN_STRICT_PROTOTYPES = YES;
				CLANG_WARN_SUSPICIOUS_MOVE = YES;
				CLANG_WARN_UNREACHABLE_CODE = YES;
				CLANG_WARN__DUPLICATE_METHOD_MATCH = YES;
				DEBUG_INFORMATION_FORMAT = "dwarf";
				ENABLE_STRICT_OBJC_MSGSEND = YES;
				GCC_C_LANGUAGE_STANDARD = c11;
				GCC_INLINES_ARE_PRIVATE_EXTERN = YES;
				GCC_MODEL_TUNING = G5;
				GCC_NO_COMMON_BLOCKS = YES;
				GCC_WARN_64_TO_32_BIT_CONVERSION = YES;
				GCC_WARN_ABOUT_RETURN_TYPE = YES;
				GCC_WARN_CHECK_SWITCH_STATEMENTS = YES;
				GCC_WARN_MISSING_PARENTHESES = YES;
				GCC_WARN_NON_VIRTUAL_DESTRUCTOR = YES;
				GCC_WARN_TYPECHECK_CALLS_TO_PRINTF = YES;
				GCC_WARN_UNDECLARED_SELECTOR = YES;
				GCC_WARN_UNINITIALIZED_AUTOS = YES;
				GCC_WARN_UNUSED_FUNCTION = YES;
				GCC_WARN_UNUSED_VARIABLE = YES;
				PRODUCT_NAME = "sparta_rotator_o3";
				WARNING_CFLAGS = -Wreorder;
				ZERO_LINK = NO; }; name = Release; };
		5E0543AB041C531674F7030D = {isa = PBXTargetDependency; target = 52B20B8A73E772FFE4672ADB; };
		BFAA098BA3D7A89AF8EA8355 = {isa = PBXTargetDependency; target = 1913975A7EF2E7A8FAA91C38; };
		D66792391EEF08ACA447E192 = {isa = XCConfigurationList; buildConfigurations = (
					60079DB514338E1663AF9683,
					FC4B306F0929E8B46FC426C7, ); defaultConfigurationIsVisible = 0; defaultConfigurationName = Debug; };
		A61243D6B27CFEF49FE209DA = {isa = XCConfigurationList; buildConfigurations = (
					BBAEDCF9A04167B1491F2E68,
					13B31003375C288E85DF49BB, ); defaultConfigurationIsVisible = 0; defaultConfigurationName = Debug; };
		637B0DF4ED253147FAB02C55 = {isa = PBXAggregateTarget; buildConfigurationList = A61243D6B27CFEF49FE209DA; buildPhases = (  ); buildRules = ( ); dependencies = (
					5E0543AB041C531674F7030D,
					BFAA098BA3D7A89AF8EA8355, ); name = "sparta_rotator_o3 - All"; productName = "sparta_rotator_o3"; };
		F781C719AE9FF1B333B18C29 = {isa = XCConfigurationList; buildConfigurations = (
					FE11BF6CC1DD8595A15CE890,
					08258B6FE107E5DD391A2D26, ); defaultConfigurationIsVisible = 0; defaultConfigurationName = Debug; };
		38AC8FEFA5981C5D67E9EBA5 = {isa = PBXResourcesBuildPhase; buildActionMask = 2147483647; files = (
					1909B18CBB9BD669A3EADB46, ); runOnlyForDeploymentPostprocessing = 0; };
		FF8C75BD34196FA798BEBE24 = {isa = PBXSourcesBuildPhase; buildActionMask = 2147483647; files = (
					B892A3457D66E89D64038BCB, ); runOnlyForDeploymentPostprocessing = 0; };
		62B89A6A6746A34EB958718B = {isa = PBXFrameworksBuildPhase; buildActionMask = 2147483647; files = (
					C3D79BD60CB708BBDB330486,
					93F552191AE67FE9CA84428A,
					FCA4E29BCA15B6F322441CC4,
					53B5B7731FBD418EFCFE71E6,
					32D9F84F9384E87B91603762,
					ADB501A6B74310903CC96848,
					DADF5D5C4351E65691D220DE,
					26D124D0FE7E45ED6F9F33C5,
					BD3CE246D4D6FAABC1140218,
					616EA290992D03E0AEF2840B, ); runOnlyForDeploymentPostprocessing = 0; };
		52B20B8A73E772FFE4672ADB = {isa = PBXNativeTarget; buildConfigurationList = F781C719AE9FF1B333B18C29; buildPhases = (
					38AC8FEFA5981C5D67E9EBA5,
					FF8C75BD34196FA798BEBE24,
					62B89A6A6746A34EB958718B, ); buildRules = ( ); dependencies = (
					BFAA098BA3D7A89AF8EA8355, ); name = "sparta_rotator_o3 - VST"; productName = "sparta_rotator_o3"; productReference = 0284A74D43426A94BEBA58DE; productType = "com.apple.product-type.bundle"; };
		8DD858FBCD8866A7B398294A = {isa = XCConfigurationList; buildConfigurations = (
					DF828A93703B4E59B120047E,
					C19C3B6C902CC4E3EFC5D474, ); defaultConfigurationIsVisible = 0; defaultConfigurationName = Debug; };
		45621E0B9BB8B1B8E90EC560 = {isa = PBXSourcesBuildPhase; buildActionMask = 2147483647; files = (
					785A131A2E56527A559F0815,
					05A48477E6C46B470D14BDF3,
					F497459E299DD02B316D6C58,
					81823F306B78B72EF9E5395B,
					424A492EE57EAE9A973B8685,
					F4AE38439C5BB0CC1E0C662D,
					FCB46716C8BE736D84DB3E81,
					066912B0A8EA75E65FA224CD,
					79226A10387ED2F5E8A6299B,
					88AB09750007FB2CF5E1FF6A,
					E54F996D427F3C1E1BBBD853,
					7670D9691742229CE39F60C8,
					B9A559AC43AA8A54B27AFEBE,
					56F8AA8DAB7EC1999EF5F510,
					B4E13C27D2E7268488E11C9C,
					12CE9ADEA012D404617DE068,
					5831C78337970C348463A47D,
					FEE7D0173C73F5A2BFCA2F48,
					784186D2D8A11503DF254BA0,
					CC0BBB6AB762C263885152A7,
					F2E41ED28EE02761F52BA335,
					535FB801E131E013E4FCB84B,
					DCAF6857E6F612A9F88CC542,
					8366BEC6E13788327D2B3C8C,
					C83A6CBAB55AB1181807BBE7,
					8976E48582BFDC07D4334FFF,
					E37DAADE9436F09154D5CFE0,
					C506D27D2E6A49E821892D57,
					45BD9D644EA4FA45D42DE5F4,
					904D334F80BA8E89E59E03CA,
					9E54C460180281D6242F81B6,
					F82EC526498CCA938833BBED,
					88F2485CDFA892F864048046,
					80A5891EC624125EAD1A47AA,
					96AACD864695B31B79BD63A7,
					03B62ACE32B870137106B294,
					3D4094862EB211E1D8EB59AD,
					3F6F8C2ADF6835A7A35394BE, ); runOnlyForDeploymentPostprocessing = 0; };
		1913975A7EF2E7A8FAA91C38 = {isa = PBXNativeTarget; buildConfigurationList = 8DD858FBCD8866A7B398294A; buildPhases = (
					45621E0B9BB8B1B8E90EC560, ); buildRules = ( ); dependencies = (  ); name = "sparta_rotator_o3 - Shared Code"; productName = "sparta_rotator_o3"; productReference = B3B6D47D71F2CEA1599FEA89; productType = "com.apple.product-type.library.static"; };
		030CE0186C510D1FDA6ED6A6 = {isa = PBXProject; buildConfigurationList = D66792391EEF08ACA447E192; attributes = { LastUpgradeCheck = 0830; ORGANIZATIONNAME = "Aalto"; TargetAttributes = { 637B0DF4ED253147FAB02C55 = { SystemCapabilities = {com.apple.ApplicationGroups.iOS = { enabled = 0; }; com.apple.InAppPurchase = { enabled = 0; }; com.apple.InterAppAudio = { enabled = 0; }; com.apple.Push = { enabled = 0; }; com.apple.Sandbox = { enabled = 0; }; }; };52B20B8A73E772FFE4672ADB = { SystemCapabilities = {com.apple.ApplicationGroups.iOS = { enabled = 0; }; com.apple.InAppPurchase = { enabled = 0; }; com.apple.InterAppAudio = { enabled = 0; }; com.apple.Push = { enabled = 0; }; com.apple.Sandbox = { enabled = 0; }; }; };1913975A7EF2E7A8FAA91C38 = { SystemCapabilities = {com.apple.ApplicationGroups.iOS = { enabled = 0; }; com.apple.InAppPurchase = { enabled = 0; }; com.apple.InterAppAudio = { enabled = 0; }; com.apple.Push = { enabled = 0; }; com.apple.Sandbox = { enabled = 0; }; }; }; }; }; compatibilityVersion = "Xcode 3.2"; hasScannedForEncodings = 0; mainGroup = D2E828249AD63D01CF4A6A14; projectDirPath = ""; projectRoot = ""; targets = (637B0DF4ED253147FAB02C55, 52B20B8A73E772FFE4672ADB, 1913975A7EF2E7A8FAA91C38); };
	};
	rootObject = 030CE0186C510D1FDA6ED6A6;
}
