// !$*UTF8*$!
{
	archiveVersion = 1;
	classes = {
	};
	objectVersion = 46;
	objects = {

		2DDC2E452A890910DFBFFF62 = {isa = PBXBuildFile; fileRef = 0284A74D43426A94BEBA58DE; };
		CCC0B9300173E64A4EF0AA9B = {isa = PBXBuildFile; fileRef = B3B6D47D71F2CEA1599FEA89; };
		C3D79BD60CB708BBDB330486 = {isa = PBXBuildFile; fileRef = E12B88E3E72D474E6AB195E2; };
		93F552191AE67FE9CA84428A = {isa = PBXBuildFile; fileRef = 4CBDDE93A686112FB6E60438; };
		FCA4E29BCA15B6F322441CC4 = {isa = PBXBuildFile; fileRef = EFA1AA062C2371E00A932006; };
		53B5B7731FBD418EFCFE71E6 = {isa = PBXBuildFile; fileRef = 6F67DB9471547286ACF4FE48; };
		32D9F84F9384E87B91603762 = {isa = PBXBuildFile; fileRef = 36316A25ABCB16A95EE107B9; };
		ADB501A6B74310903CC96848 = {isa = PBXBuildFile; fileRef = E12C5C4DFE19D876DAF8B905; };
		DADF5D5C4351E65691D220DE = {isa = PBXBuildFile; fileRef = 0F6B49FBAB625947F2547960; };
		26D124D0FE7E45ED6F9F33C5 = {isa = PBXBuildFile; fileRef = F395B64E2BE5D3F24FE56B5F; };
		BD3CE246D4D6FAABC1140218 = {isa = PBXBuildFile; fileRef = 69AABFCDE293FFEA4DDC262F; };
		616EA290992D03E0AEF2840B = {isa = PBXBuildFile; fileRef = EFD595CBFB6A9A3523C16314; };
		1909B18CBB9BD669A3EADB46 = {isa = PBXBuildFile; fileRef = 24304AD5B0C1E66E7BD0508B; };
		05A48477E6C46B470D14BDF3 = {isa = PBXBuildFile; fileRef = 4C271405CE31A8D04323510B; };
		785A131A2E56527A559F0815 = {isa = PBXBuildFile; fileRef = 0E4A5B853F9C045F70EF1577; };
		CB5714FD50E21AC62DA30892 = {isa = PBXBuildFile; fileRef = A8853FA61032388D6E6AA83A; };
		159533886638AE068169F789 = {isa = PBXBuildFile; fileRef = AE38DD6C985B9AFD6CC8592D; };
		9ABCBF13DCF52FE61028A555 = {isa = PBXBuildFile; fileRef = 3461130D71220A62536B16E1; };
		228E539098522C4ECF46A4F5 = {isa = PBXBuildFile; fileRef = E036D14EC94494AAE6E82B0C; };
		60A88C2A831EC69A1DCD43EA = {isa = PBXBuildFile; fileRef = D23D3DB6C4BAC005B2524352; };
		424A492EE57EAE9A973B8685 = {isa = PBXBuildFile; fileRef = 173DCF20E65D96FE5C40E668; };
		F4AE38439C5BB0CC1E0C662D = {isa = PBXBuildFile; fileRef = DC4375A4B219B3153CF615E3; };
		FCB46716C8BE736D84DB3E81 = {isa = PBXBuildFile; fileRef = D437B10EB3E86D6FECEC67C3; };
		066912B0A8EA75E65FA224CD = {isa = PBXBuildFile; fileRef = D54F9241A2B477CE32CFD341; };
		79226A10387ED2F5E8A6299B = {isa = PBXBuildFile; fileRef = 6EA644CF6EA94CDAB0FC13B0; };
		88AB09750007FB2CF5E1FF6A = {isa = PBXBuildFile; fileRef = 67B3E9904D9F47220D60FB15; };
		E54F996D427F3C1E1BBBD853 = {isa = PBXBuildFile; fileRef = B17E63087E0C97315680716B; };
		7670D9691742229CE39F60C8 = {isa = PBXBuildFile; fileRef = D5B51FCB99542ABCCC8CDC40; };
		B9A559AC43AA8A54B27AFEBE = {isa = PBXBuildFile; fileRef = 2B003F6EEE00F3B4246B1A6A; };
		56F8AA8DAB7EC1999EF5F510 = {isa = PBXBuildFile; fileRef = 7AE0B760E85FBE458769B3A0; };
		B4E13C27D2E7268488E11C9C = {isa = PBXBuildFile; fileRef = 9C96F5DBB55967AF40344C74; };
		12CE9ADEA012D404617DE068 = {isa = PBXBuildFile; fileRef = 95FA46534DFCDF9B0BE489E3; };
		5831C78337970C348463A47D = {isa = PBXBuildFile; fileRef = 635765DA632B7E3B7097524D; };
		FEE7D0173C73F5A2BFCA2F48 = {isa = PBXBuildFile; fileRef = 9FE5666E9922FEA4CD9B7327; };
		784186D2D8A11503DF254BA0 = {isa = PBXBuildFile; fileRef = BF056AA0E21D0ACA6027AD70; };
		CC0BBB6AB762C263885152A7 = {isa = PBXBuildFile; fileRef = AA4EA097ED1F187FA8A8202D; };
		1A7BEF3339F1A5D872551C13 = {isa = PBXBuildFile; fileRef = C10A75028E1C6AC931D92D2A; };
		F2E41ED28EE02761F52BA335 = {isa = PBXBuildFile; fileRef = 834C8388AFB082511262978D; };
		535FB801E131E013E4FCB84B = {isa = PBXBuildFile; fileRef = 862AC750F706450099B6EC88; };
		DCAF6857E6F612A9F88CC542 = {isa = PBXBuildFile; fileRef = B675D9ACE4E7DB932DB62664; };
		2E2E457C4ED2235BB7B7A727 = {isa = PBXBuildFile; fileRef = E33DBE6570EA26A465367A48; };
		6E27822AF2DB05B1F12D9523 = {isa = PBXBuildFile; fileRef = 2DF342C8705181B4064A76FC; };
		97260CEECB65900CE7E26FB3 = {isa = PBXBuildFile; fileRef = 5B856D6CA28383257E171DCD; };
		700769D2C8857A986D27E50E = {isa = PBXBuildFile; fileRef = 7DFAB9708268B675928D038D; };
		5B7B2E030C070DD771EB670F = {isa = PBXBuildFile; fileRef = 0ACA9F229A0B4F513C1B100D; };
		A9A1C713CF22157C5162B04A = {isa = PBXBuildFile; fileRef = 3B77878428A8D8F1C030A04E; };
		8A20BAACC8DE9E7B5DEE42F4 = {isa = PBXBuildFile; fileRef = A5E0B796598BB7802C25AAC8; };
		AB2EAD2E8D59474C62577CC6 = {isa = PBXBuildFile; fileRef = 445C5AEC80FB913541604942; };
		6A8AAAB260977B68C00CB4CC = {isa = PBXBuildFile; fileRef = 87362E1086A7812648AA7ABB; };
		1C9E3451463EB1509D059001 = {isa = PBXBuildFile; fileRef = 66737C8A12E8C0279AFA3FEE; };
		806F299D605F89083C8EA168 = {isa = PBXBuildFile; fileRef = DFACE99EE03DBFB54974E746; };
		F631815559A23A384C4DD97F = {isa = PBXBuildFile; fileRef = A534E6E67C4900A3A3DF9E5B; };
		2FD44E328577B45FB1EF4B28 = {isa = PBXBuildFile; fileRef = 203944384F444141C040AD1C; };
		A7592551FFDA8C53AE6E08E3 = {isa = PBXBuildFile; fileRef = 35A090B3AAE540A9EFBBC721; };
		73467C1D93470BBE69603ACD = {isa = PBXBuildFile; fileRef = 0C8BDE09DE4B4EDB7E31F894; };
		0284A74D43426A94BEBA58DE = {isa = PBXFileReference; explicitFileType = wrapper.cfbundle; includeInIndex = 0; path = "sparta_ambiDECd.vst"; sourceTree = "BUILT_PRODUCTS_DIR"; };
		0300686C6CD618C63B6A7581 = {isa = PBXFileReference; lastKnownFileType = sourcecode.c.h; name = "saf_cdf4sap.h"; path = "../../../../../../SDKs/Spatial_Audio_Framework/framework/include/saf_cdf4sap.h"; sourceTree = "SOURCE_ROOT"; };
		04ED9BE468CDE97F564A5758 = {isa = PBXFileReference; lastKnownFileType = file; name = "juce_graphics"; path = "../../../../../../SDKs/modules/juce_graphics"; sourceTree = "SOURCE_ROOT"; };
		063CBB2A6E151E5887341712 = {isa = PBXFileReference; lastKnownFileType = sourcecode.c.h; name = PluginProcessor.h; path = ../../../../src/PluginProcessor.h; sourceTree = "SOURCE_ROOT"; };
		0ACA9F229A0B4F513C1B100D = {isa = PBXFileReference; lastKnownFileType = sourcecode.cpp.objcpp; name = "include_juce_audio_plugin_client_VST_utils.mm"; path = "../../../../juce/sparta_ambiDEC/JuceLibraryCode/include_juce_audio_plugin_client_VST_utils.mm"; sourceTree = "SOURCE_ROOT"; };
		0C8BDE09DE4B4EDB7E31F894 = {isa = PBXFileReference; lastKnownFileType = sourcecode.cpp.objcpp; name = "include_juce_opengl.mm"; path = "../../../../juce/sparta_ambiDEC/JuceLibraryCode/include_juce_opengl.mm"; sourceTree = "SOURCE_ROOT"; };
		0D614617A85F3371231759B0 = {isa = PBXFileReference; lastKnownFileType = file; name = "juce_data_structures"; path = "../../../../../../SDKs/modules/juce_data_structures"; sourceTree = "SOURCE_ROOT"; };
		0E4A5B853F9C045F70EF1577 = {isa = PBXFileReference; lastKnownFileType = sourcecode.cpp.cpp; name = PluginEditor.cpp; path = ../../../../src/PluginEditor.cpp; sourceTree = "SOURCE_ROOT"; };
		0F6B49FBAB625947F2547960 = {isa = PBXFileReference; lastKnownFileType = wrapper.framework; name = IOKit.framework; path = System/Library/Frameworks/IOKit.framework; sourceTree = SDKROOT; };
		1712413E7757AF9A0B9F6D79 = {isa = PBXFileReference; lastKnownFileType = sourcecode.c.h; name = log2dSlider.h; path = ../../../../src/log2dSlider.h; sourceTree = "SOURCE_ROOT"; };
		173DCF20E65D96FE5C40E668 = {isa = PBXFileReference; lastKnownFileType = sourcecode.c.c; name = afSTFTlib.c; path = "../../../../../../SDKs/Spatial_Audio_Framework/framework/saf_afstft/afSTFTlib.c"; sourceTree = "SOURCE_ROOT"; };
		203944384F444141C040AD1C = {isa = PBXFileReference; lastKnownFileType = sourcecode.cpp.objcpp; name = "include_juce_gui_basics.mm"; path = "../../../../juce/sparta_ambiDEC/JuceLibraryCode/include_juce_gui_basics.mm"; sourceTree = "SOURCE_ROOT"; };
		20DEF8DC62994F9E81A35DAB = {isa = PBXFileReference; lastKnownFileType = sourcecode.c.h; name = vecTools.h; path = "../../../../../../SDKs/Spatial_Audio_Framework/framework/saf_afstft/vecTools.h"; sourceTree = "SOURCE_ROOT"; };
		212D7F8260E1DA1F5C4910C3 = {isa = PBXFileReference; lastKnownFileType = sourcecode.c.h; name = saf.h; path = "../../../../../../SDKs/Spatial_Audio_Framework/framework/include/saf.h"; sourceTree = "SOURCE_ROOT"; };
		24304AD5B0C1E66E7BD0508B = {isa = PBXFileReference; lastKnownFileType = file.nib; name = RecentFilesMenuTemplate.nib; path = RecentFilesMenuTemplate.nib; sourceTree = "SOURCE_ROOT"; };
		2A3A010AFA47B9646B2177B4 = {isa = PBXFileReference; lastKnownFileType = text.plist.xml; name = "sparta_ambiDEC.entitlements"; path = "sparta_ambiDEC.entitlements"; sourceTree = "SOURCE_ROOT"; };
		2B003F6EEE00F3B4246B1A6A = {isa = PBXFileReference; lastKnownFileType = sourcecode.c.c; name = "saf_sh.c"; path = "../../../../../../SDKs/Spatial_Audio_Framework/framework/saf_sh/saf_sh.c"; sourceTree = "SOURCE_ROOT"; };
		2B6906DE8405886C2ED7A232 = {isa = PBXFileReference; lastKnownFileType = sourcecode.c.h; name = "saf_vbap.h"; path = "../../../../../../SDKs/Spatial_Audio_Framework/framework/include/saf_vbap.h"; sourceTree = "SOURCE_ROOT"; };
		2DF342C8705181B4064A76FC = {isa = PBXFileReference; lastKnownFileType = sourcecode.cpp.objcpp; name = "include_juce_audio_devices.mm"; path = "../../../../juce/sparta_ambiDEC/JuceLibraryCode/include_juce_audio_devices.mm"; sourceTree = "SOURCE_ROOT"; };
		2ED509F5363DB49CD86EAD87 = {isa = PBXFileReference; lastKnownFileType = file; name = "juce_gui_extra"; path = "../../../../../../SDKs/modules/juce_gui_extra"; sourceTree = "SOURCE_ROOT"; };
		30347574AF27DA75C705DA3B = {isa = PBXFileReference; lastKnownFileType = file; name = "juce_cryptography"; path = "../../../../../../SDKs/modules/juce_cryptography"; sourceTree = "SOURCE_ROOT"; };
		3461130D71220A62536B16E1 = {isa = PBXFileReference; lastKnownFileType = sourcecode.c.c; name = "ambi_dec.c"; path = "../../../../../../SDKs/Spatial_Audio_Framework/examples/ambi_dec/src/ambi_dec.c"; sourceTree = "SOURCE_ROOT"; };
		35A090B3AAE540A9EFBBC721 = {isa = PBXFileReference; lastKnownFileType = sourcecode.cpp.objcpp; name = "include_juce_gui_extra.mm"; path = "../../../../juce/sparta_ambiDEC/JuceLibraryCode/include_juce_gui_extra.mm"; sourceTree = "SOURCE_ROOT"; };
		36316A25ABCB16A95EE107B9 = {isa = PBXFileReference; lastKnownFileType = wrapper.framework; name = CoreAudio.framework; path = System/Library/Frameworks/CoreAudio.framework; sourceTree = SDKROOT; };
		3B77878428A8D8F1C030A04E = {isa = PBXFileReference; lastKnownFileType = sourcecode.cpp.cpp; name = "include_juce_audio_plugin_client_VST2.cpp"; path = "../../../../juce/sparta_ambiDEC/JuceLibraryCode/include_juce_audio_plugin_client_VST2.cpp"; sourceTree = "SOURCE_ROOT"; };
		3E61686D0DF39EC8545FDD57 = {isa = PBXFileReference; lastKnownFileType = sourcecode.c.h; name = PluginEditor.h; path = ../../../../src/PluginEditor.h; sourceTree = "SOURCE_ROOT"; };
		445C5AEC80FB913541604942 = {isa = PBXFileReference; lastKnownFileType = sourcecode.cpp.objcpp; name = "include_juce_core.mm"; path = "../../../../juce/sparta_ambiDEC/JuceLibraryCode/include_juce_core.mm"; sourceTree = "SOURCE_ROOT"; };
		4BB6EA76E53C9E31F3716D85 = {isa = PBXFileReference; lastKnownFileType = file; name = "juce_audio_devices"; path = "../../../../../../SDKs/modules/juce_audio_devices"; sourceTree = "SOURCE_ROOT"; };
		4C271405CE31A8D04323510B = {isa = PBXFileReference; lastKnownFileType = sourcecode.cpp.cpp; name = PluginProcessor.cpp; path = ../../../../src/PluginProcessor.cpp; sourceTree = "SOURCE_ROOT"; };
		4CBDDE93A686112FB6E60438 = {isa = PBXFileReference; lastKnownFileType = wrapper.framework; name = AudioToolbox.framework; path = System/Library/Frameworks/AudioToolbox.framework; sourceTree = SDKROOT; };
		4D37307F4F553F4D88A6A49D = {isa = PBXFileReference; lastKnownFileType = sourcecode.c.h; name = outputCoordsView.h; path = ../../../../src/outputCoordsView.h; sourceTree = "SOURCE_ROOT"; };
		4E85FDF2209DEA68ECD5B517 = {isa = PBXFileReference; lastKnownFileType = sourcecode.c.h; name = "saf_hrir_internal.h"; path = "../../../../../../SDKs/Spatial_Audio_Framework/framework/saf_hrir/saf_hrir_internal.h"; sourceTree = "SOURCE_ROOT"; };
		4FF8F1AE3F5EDCA52DE5F62A = {isa = PBXFileReference; lastKnownFileType = sourcecode.c.h; name = "saf_malloc.h"; path = "../../../../../../SDKs/Spatial_Audio_Framework/framework/saf_utilities/saf_malloc.h"; sourceTree = "SOURCE_ROOT"; };
		58F37D8B491604E095EEF0FF = {isa = PBXFileReference; lastKnownFileType = sourcecode.c.h; name = fft4g.h; path = "../../../../../../SDKs/Spatial_Audio_Framework/framework/saf_afstft/fft4g.h"; sourceTree = "SOURCE_ROOT"; };
		5B856D6CA28383257E171DCD = {isa = PBXFileReference; lastKnownFileType = sourcecode.cpp.objcpp; name = "include_juce_audio_formats.mm"; path = "../../../../juce/sparta_ambiDEC/JuceLibraryCode/include_juce_audio_formats.mm"; sourceTree = "SOURCE_ROOT"; };
		5C0F2B0DA97149FF0D58EA88 = {isa = PBXFileReference; lastKnownFileType = file; name = "juce_audio_processors"; path = "../../../../../../SDKs/modules/juce_audio_processors"; sourceTree = "SOURCE_ROOT"; };
		5D6AB89AA571BE585E3606E7 = {isa = PBXFileReference; lastKnownFileType = text.plist.xml; name = "Info-VST.plist"; path = "Info-VST.plist"; sourceTree = "SOURCE_ROOT"; };
		62F0B2F13794D301CC97CE9E = {isa = PBXFileReference; lastKnownFileType = file; name = "juce_audio_plugin_client"; path = "../../../../../../SDKs/modules/juce_audio_plugin_client"; sourceTree = "SOURCE_ROOT"; };
		635765DA632B7E3B7097524D = {isa = PBXFileReference; lastKnownFileType = sourcecode.c.c; name = "saf_free.c"; path = "../../../../../../SDKs/Spatial_Audio_Framework/framework/saf_utilities/saf_free.c"; sourceTree = "SOURCE_ROOT"; };
		63A8FEDA1D105F44CBD0F282 = {isa = PBXFileReference; lastKnownFileType = sourcecode.c.h; name = "saf_complex.h"; path = "../../../../../../SDKs/Spatial_Audio_Framework/framework/saf_utilities/saf_complex.h"; sourceTree = "SOURCE_ROOT"; };
		66737C8A12E8C0279AFA3FEE = {isa = PBXFileReference; lastKnownFileType = sourcecode.cpp.objcpp; name = "include_juce_data_structures.mm"; path = "../../../../juce/sparta_ambiDEC/JuceLibraryCode/include_juce_data_structures.mm"; sourceTree = "SOURCE_ROOT"; };
		67B3E9904D9F47220D60FB15 = {isa = PBXFileReference; lastKnownFileType = sourcecode.c.c; name = "saf_hoa_internal.c"; path = "../../../../../../SDKs/Spatial_Audio_Framework/framework/saf_hoa/saf_hoa_internal.c"; sourceTree = "SOURCE_ROOT"; };
		69AABFCDE293FFEA4DDC262F = {isa = PBXFileReference; lastKnownFileType = wrapper.framework; name = QuartzCore.framework; path = System/Library/Frameworks/QuartzCore.framework; sourceTree = SDKROOT; };
		6A3485B364EC2D68F1145B19 = {isa = PBXFileReference; lastKnownFileType = sourcecode.c.h; name = JuceHeader.h; path = "../../../../juce/sparta_ambiDEC/JuceLibraryCode/JuceHeader.h"; sourceTree = "SOURCE_ROOT"; };
		6B3B475C24519589500929D9 = {isa = PBXFileReference; lastKnownFileType = sourcecode.c.h; name = AppConfig.h; path = "../../../../juce/sparta_ambiDEC/JuceLibraryCode/AppConfig.h"; sourceTree = "SOURCE_ROOT"; };
		6C53579B10266B96022F975A = {isa = PBXFileReference; lastKnownFileType = sourcecode.c.h; name = "saf_vbap_internal.h"; path = "../../../../../../SDKs/Spatial_Audio_Framework/framework/saf_vbap/saf_vbap_internal.h"; sourceTree = "SOURCE_ROOT"; };
		6CA9D9D86F26A04790F51DFF = {isa = PBXFileReference; lastKnownFileType = file; name = "juce_audio_formats"; path = "../../../../../../SDKs/modules/juce_audio_formats"; sourceTree = "SOURCE_ROOT"; };
		6CAE5F839EA776A685E9A98A = {isa = PBXFileReference; lastKnownFileType = sourcecode.c.h; name = "saf_hoa_internal.h"; path = "../../../../../../SDKs/Spatial_Audio_Framework/framework/saf_hoa/saf_hoa_internal.h"; sourceTree = "SOURCE_ROOT"; };
		6CEDEEF4C743E372F14A62A0 = {isa = PBXFileReference; lastKnownFileType = sourcecode.c.h; name = "saf_sh.h"; path = "../../../../../../SDKs/Spatial_Audio_Framework/framework/include/saf_sh.h"; sourceTree = "SOURCE_ROOT"; };
		6EA644CF6EA94CDAB0FC13B0 = {isa = PBXFileReference; lastKnownFileType = sourcecode.c.c; name = "saf_hoa.c"; path = "../../../../../../SDKs/Spatial_Audio_Framework/framework/saf_hoa/saf_hoa.c"; sourceTree = "SOURCE_ROOT"; };
		6F67DB9471547286ACF4FE48 = {isa = PBXFileReference; lastKnownFileType = wrapper.framework; name = Cocoa.framework; path = System/Library/Frameworks/Cocoa.framework; sourceTree = SDKROOT; };
		71639FE18140B71C9034E1AE = {isa = PBXFileReference; lastKnownFileType = sourcecode.c.h; name = "saf_calloc.h"; path = "../../../../../../SDKs/Spatial_Audio_Framework/framework/saf_utilities/saf_calloc.h"; sourceTree = "SOURCE_ROOT"; };
		7AE0B760E85FBE458769B3A0 = {isa = PBXFileReference; lastKnownFileType = sourcecode.c.c; name = "saf_sh_internal.c"; path = "../../../../../../SDKs/Spatial_Audio_Framework/framework/saf_sh/saf_sh_internal.c"; sourceTree = "SOURCE_ROOT"; };
		7D90A2A43A7B35DC83539DE1 = {isa = PBXFileReference; lastKnownFileType = sourcecode.c.h; name = "saf_veclib.h"; path = "../../../../../../SDKs/Spatial_Audio_Framework/framework/saf_utilities/saf_veclib.h"; sourceTree = "SOURCE_ROOT"; };
		7DFAB9708268B675928D038D = {isa = PBXFileReference; lastKnownFileType = sourcecode.cpp.cpp; name = "include_juce_audio_plugin_client_utils.cpp"; path = "../../../../juce/sparta_ambiDEC/JuceLibraryCode/include_juce_audio_plugin_client_utils.cpp"; sourceTree = "SOURCE_ROOT"; };
		834C8388AFB082511262978D = {isa = PBXFileReference; lastKnownFileType = sourcecode.c.c; name = "saf_veclib.c"; path = "../../../../../../SDKs/Spatial_Audio_Framework/framework/saf_utilities/saf_veclib.c"; sourceTree = "SOURCE_ROOT"; };
		862AC750F706450099B6EC88 = {isa = PBXFileReference; lastKnownFileType = sourcecode.c.c; name = "saf_vbap.c"; path = "../../../../../../SDKs/Spatial_Audio_Framework/framework/saf_vbap/saf_vbap.c"; sourceTree = "SOURCE_ROOT"; };
		87362E1086A7812648AA7ABB = {isa = PBXFileReference; lastKnownFileType = sourcecode.cpp.objcpp; name = "include_juce_cryptography.mm"; path = "../../../../juce/sparta_ambiDEC/JuceLibraryCode/include_juce_cryptography.mm"; sourceTree = "SOURCE_ROOT"; };
		8C62DCE07CD48D6D74320EFF = {isa = PBXFileReference; lastKnownFileType = sourcecode.c.h; name = "saf_sh_internal.h"; path = "../../../../../../SDKs/Spatial_Audio_Framework/framework/saf_sh/saf_sh_internal.h"; sourceTree = "SOURCE_ROOT"; };
		8D3BC2969B67589A9F7E1152 = {isa = PBXFileReference; lastKnownFileType = sourcecode.c.h; name = "saf_hoa.h"; path = "../../../../../../SDKs/Spatial_Audio_Framework/framework/include/saf_hoa.h"; sourceTree = "SOURCE_ROOT"; };
		8DC36A617A9A4E051CA6BD98 = {isa = PBXFileReference; lastKnownFileType = file; name = "juce_gui_basics"; path = "../../../../../../SDKs/modules/juce_gui_basics"; sourceTree = "SOURCE_ROOT"; };
		95FA46534DFCDF9B0BE489E3 = {isa = PBXFileReference; lastKnownFileType = sourcecode.c.c; name = "saf_complex.c"; path = "../../../../../../SDKs/Spatial_Audio_Framework/framework/saf_utilities/saf_complex.c"; sourceTree = "SOURCE_ROOT"; };
		9C96F5DBB55967AF40344C74 = {isa = PBXFileReference; lastKnownFileType = sourcecode.c.c; name = "saf_calloc.c"; path = "../../../../../../SDKs/Spatial_Audio_Framework/framework/saf_utilities/saf_calloc.c"; sourceTree = "SOURCE_ROOT"; };
		9DBA1559BC704AA6CB65A6D9 = {isa = PBXFileReference; lastKnownFileType = sourcecode.c.h; name = "convhull_3d.h"; path = "../../../../../../SDKs/Spatial_Audio_Framework/framework/saf_vbap/convhull_3d.h"; sourceTree = "SOURCE_ROOT"; };
		9E3D64F42728B2EE5C13C9CF = {isa = PBXFileReference; lastKnownFileType = sourcecode.c.h; name = "saf_loudspeaker_presets.h"; path = "../../../../../../SDKs/Spatial_Audio_Framework/framework/saf_utilities/saf_loudspeaker_presets.h"; sourceTree = "SOURCE_ROOT"; };
		9FE5666E9922FEA4CD9B7327 = {isa = PBXFileReference; lastKnownFileType = sourcecode.c.c; name = "saf_loudspeaker_presets.c"; path = "../../../../../../SDKs/Spatial_Audio_Framework/framework/saf_utilities/saf_loudspeaker_presets.c"; sourceTree = "SOURCE_ROOT"; };
		A3A6AACA8669C502639BDBCF = {isa = PBXFileReference; lastKnownFileType = sourcecode.c.h; name = "saf_sort.h"; path = "../../../../../../SDKs/Spatial_Audio_Framework/framework/saf_utilities/saf_sort.h"; sourceTree = "SOURCE_ROOT"; };
		A534E6E67C4900A3A3DF9E5B = {isa = PBXFileReference; lastKnownFileType = sourcecode.cpp.objcpp; name = "include_juce_graphics.mm"; path = "../../../../juce/sparta_ambiDEC/JuceLibraryCode/include_juce_graphics.mm"; sourceTree = "SOURCE_ROOT"; };
		A5E0B796598BB7802C25AAC8 = {isa = PBXFileReference; lastKnownFileType = sourcecode.cpp.objcpp; name = "include_juce_audio_processors.mm"; path = "../../../../juce/sparta_ambiDEC/JuceLibraryCode/include_juce_audio_processors.mm"; sourceTree = "SOURCE_ROOT"; };
		A8853FA61032388D6E6AA83A = {isa = PBXFileReference; lastKnownFileType = sourcecode.cpp.cpp; name = log2dSlider.cpp; path = ../../../../src/log2dSlider.cpp; sourceTree = "SOURCE_ROOT"; };
		AA4EA097ED1F187FA8A8202D = {isa = PBXFileReference; lastKnownFileType = sourcecode.c.c; name = "saf_sensorarray_presets.c"; path = "../../../../../../SDKs/Spatial_Audio_Framework/framework/saf_utilities/saf_sensorarray_presets.c"; sourceTree = "SOURCE_ROOT"; };
		AE38DD6C985B9AFD6CC8592D = {isa = PBXFileReference; lastKnownFileType = sourcecode.cpp.cpp; name = outputCoordsView.cpp; path = ../../../../src/outputCoordsView.cpp; sourceTree = "SOURCE_ROOT"; };
		B17E63087E0C97315680716B = {isa = PBXFileReference; lastKnownFileType = sourcecode.c.c; name = "saf_hrir.c"; path = "../../../../../../SDKs/Spatial_Audio_Framework/framework/saf_hrir/saf_hrir.c"; sourceTree = "SOURCE_ROOT"; };
		B3B6D47D71F2CEA1599FEA89 = {isa = PBXFileReference; explicitFileType = archive.ar; includeInIndex = 0; path = "libsparta_ambiDECd.a"; sourceTree = "BUILT_PRODUCTS_DIR"; };
		B67185D6373B5278555E2161 = {isa = PBXFileReference; lastKnownFileType = sourcecode.c.h; name = "ambi_dec.h"; path = "../../../../../../SDKs/Spatial_Audio_Framework/examples/ambi_dec/include/ambi_dec.h"; sourceTree = "SOURCE_ROOT"; };
		B675D9ACE4E7DB932DB62664 = {isa = PBXFileReference; lastKnownFileType = sourcecode.c.c; name = "saf_vbap_internal.c"; path = "../../../../../../SDKs/Spatial_Audio_Framework/framework/saf_vbap/saf_vbap_internal.c"; sourceTree = "SOURCE_ROOT"; };
		BE0152B2119C8DC6147A7FFB = {isa = PBXFileReference; lastKnownFileType = sourcecode.c.h; name = ConfigurationHelper.h; path = ../../../../../resources/ConfigurationHelper.h; sourceTree = "SOURCE_ROOT"; };
		BF056AA0E21D0ACA6027AD70 = {isa = PBXFileReference; lastKnownFileType = sourcecode.c.c; name = "saf_malloc.c"; path = "../../../../../../SDKs/Spatial_Audio_Framework/framework/saf_utilities/saf_malloc.c"; sourceTree = "SOURCE_ROOT"; };
		C10A75028E1C6AC931D92D2A = {isa = PBXFileReference; lastKnownFileType = sourcecode.c.c; name = "saf_sort.c"; path = "../../../../../../SDKs/Spatial_Audio_Framework/framework/saf_utilities/saf_sort.c"; sourceTree = "SOURCE_ROOT"; };
		C489525790C392FD01B0DF79 = {isa = PBXFileReference; lastKnownFileType = sourcecode.c.h; name = "ambi_dec_database.h"; path = "../../../../../../SDKs/Spatial_Audio_Framework/examples/ambi_dec/src/ambi_dec_database.h"; sourceTree = "SOURCE_ROOT"; };
		C493242FAE234F8E5B146235 = {isa = PBXFileReference; lastKnownFileType = sourcecode.c.h; name = "saf_hrir.h"; path = "../../../../../../SDKs/Spatial_Audio_Framework/framework/include/saf_hrir.h"; sourceTree = "SOURCE_ROOT"; };
		C7E0192A885A88A30357D6E8 = {isa = PBXFileReference; lastKnownFileType = sourcecode.c.h; name = "afSTFT_protoFilter.h"; path = "../../../../../../SDKs/Spatial_Audio_Framework/framework/saf_afstft/afSTFT_protoFilter.h"; sourceTree = "SOURCE_ROOT"; };
		CEF37AE39A09D01EA1870939 = {isa = PBXFileReference; lastKnownFileType = file; name = "juce_opengl"; path = "../../../../../../SDKs/modules/juce_opengl"; sourceTree = "SOURCE_ROOT"; };
		D23D3DB6C4BAC005B2524352 = {isa = PBXFileReference; lastKnownFileType = sourcecode.c.c; name = "ambi_dec_database.c"; path = "../../../../../../SDKs/Spatial_Audio_Framework/examples/ambi_dec/src/ambi_dec_database.c"; sourceTree = "SOURCE_ROOT"; };
		D437B10EB3E86D6FECEC67C3 = {isa = PBXFileReference; lastKnownFileType = sourcecode.c.c; name = vecTools.c; path = "../../../../../../SDKs/Spatial_Audio_Framework/framework/saf_afstft/vecTools.c"; sourceTree = "SOURCE_ROOT"; };
		D54F9241A2B477CE32CFD341 = {isa = PBXFileReference; lastKnownFileType = sourcecode.c.c; name = "saf_cdf4sap.c"; path = "../../../../../../SDKs/Spatial_Audio_Framework/framework/saf_cdf4sap/saf_cdf4sap.c"; sourceTree = "SOURCE_ROOT"; };
		D5B51FCB99542ABCCC8CDC40 = {isa = PBXFileReference; lastKnownFileType = sourcecode.c.c; name = "saf_hrir_internal.c"; path = "../../../../../../SDKs/Spatial_Audio_Framework/framework/saf_hrir/saf_hrir_internal.c"; sourceTree = "SOURCE_ROOT"; };
		D63E7CAC1464B576C52C8F55 = {isa = PBXFileReference; lastKnownFileType = file; name = "juce_core"; path = "../../../../../../SDKs/modules/juce_core"; sourceTree = "SOURCE_ROOT"; };
		DC4375A4B219B3153CF615E3 = {isa = PBXFileReference; lastKnownFileType = sourcecode.c.c; name = fft4g.c; path = "../../../../../../SDKs/Spatial_Audio_Framework/framework/saf_afstft/fft4g.c"; sourceTree = "SOURCE_ROOT"; };
		DC5D13B4DCBABE608175BE0A = {isa = PBXFileReference; lastKnownFileType = sourcecode.c.h; name = "saf_free.h"; path = "../../../../../../SDKs/Spatial_Audio_Framework/framework/saf_utilities/saf_free.h"; sourceTree = "SOURCE_ROOT"; };
		DE932ABFBB366FEE396F47C4 = {isa = PBXFileReference; lastKnownFileType = sourcecode.c.h; name = afSTFTlib.h; path = "../../../../../../SDKs/Spatial_Audio_Framework/framework/include/afSTFTlib.h"; sourceTree = "SOURCE_ROOT"; };
		DFACE99EE03DBFB54974E746 = {isa = PBXFileReference; lastKnownFileType = sourcecode.cpp.objcpp; name = "include_juce_events.mm"; path = "../../../../juce/sparta_ambiDEC/JuceLibraryCode/include_juce_events.mm"; sourceTree = "SOURCE_ROOT"; };
		E0092B758940E8498DA2FDC2 = {isa = PBXFileReference; lastKnownFileType = file; name = "juce_audio_basics"; path = "../../../../../../SDKs/modules/juce_audio_basics"; sourceTree = "SOURCE_ROOT"; };
		E036D14EC94494AAE6E82B0C = {isa = PBXFileReference; lastKnownFileType = sourcecode.c.c; name = "ambi_dec_internal.c"; path = "../../../../../../SDKs/Spatial_Audio_Framework/examples/ambi_dec/src/ambi_dec_internal.c"; sourceTree = "SOURCE_ROOT"; };
		E12B88E3E72D474E6AB195E2 = {isa = PBXFileReference; lastKnownFileType = wrapper.framework; name = Accelerate.framework; path = System/Library/Frameworks/Accelerate.framework; sourceTree = SDKROOT; };
		E12C5C4DFE19D876DAF8B905 = {isa = PBXFileReference; lastKnownFileType = wrapper.framework; name = CoreMIDI.framework; path = System/Library/Frameworks/CoreMIDI.framework; sourceTree = SDKROOT; };
		E33DBE6570EA26A465367A48 = {isa = PBXFileReference; lastKnownFileType = sourcecode.cpp.objcpp; name = "include_juce_audio_basics.mm"; path = "../../../../juce/sparta_ambiDEC/JuceLibraryCode/include_juce_audio_basics.mm"; sourceTree = "SOURCE_ROOT"; };
		E6587E70DD274E8A8929E028 = {isa = PBXFileReference; lastKnownFileType = sourcecode.c.h; name = "saf_utilities.h"; path = "../../../../../../SDKs/Spatial_Audio_Framework/framework/include/saf_utilities.h"; sourceTree = "SOURCE_ROOT"; };
		EFA1AA062C2371E00A932006 = {isa = PBXFileReference; lastKnownFileType = wrapper.framework; name = Carbon.framework; path = System/Library/Frameworks/Carbon.framework; sourceTree = SDKROOT; };
		EFD595CBFB6A9A3523C16314 = {isa = PBXFileReference; lastKnownFileType = wrapper.framework; name = WebKit.framework; path = System/Library/Frameworks/WebKit.framework; sourceTree = SDKROOT; };
		F27E7E98AA618C63288B66D2 = {isa = PBXFileReference; lastKnownFileType = sourcecode.c.h; name = "saf_sensorarray_presets.h"; path = "../../../../../../SDKs/Spatial_Audio_Framework/framework/saf_utilities/saf_sensorarray_presets.h"; sourceTree = "SOURCE_ROOT"; };
		F298683495A329E8DAFA014E = {isa = PBXFileReference; lastKnownFileType = file; name = "juce_events"; path = "../../../../../../SDKs/modules/juce_events"; sourceTree = "SOURCE_ROOT"; };
		F395B64E2BE5D3F24FE56B5F = {isa = PBXFileReference; lastKnownFileType = wrapper.framework; name = OpenGL.framework; path = System/Library/Frameworks/OpenGL.framework; sourceTree = SDKROOT; };
		F7EF53888CF6DB74CB3FCF48 = {isa = PBXFileReference; lastKnownFileType = sourcecode.c.h; name = "saf_sofa_reader.h"; path = "../../../../../../SDKs/Spatial_Audio_Framework/framework/include/saf_sofa_reader.h"; sourceTree = "SOURCE_ROOT"; };
		F9070D8A4311184FC2CDF837 = {isa = PBXFileReference; lastKnownFileType = sourcecode.c.h; name = "ambi_dec_internal.h"; path = "../../../../../../SDKs/Spatial_Audio_Framework/examples/ambi_dec/src/ambi_dec_internal.h"; sourceTree = "SOURCE_ROOT"; };
		5329BBF1BD3A1F6A56971235 = {isa = PBXGroup; children = (
					B67185D6373B5278555E2161,
					F9070D8A4311184FC2CDF837,
					C489525790C392FD01B0DF79, ); name = "Header Files"; sourceTree = "<group>"; };
		D008174E1694582094BE9FD6 = {isa = PBXGroup; children = (
					3461130D71220A62536B16E1,
					E036D14EC94494AAE6E82B0C,
					D23D3DB6C4BAC005B2524352, ); name = "Source Files"; sourceTree = "<group>"; };
		2A0DC0F99F101A4AB4D7862E = {isa = PBXGroup; children = (
					5329BBF1BD3A1F6A56971235,
					D008174E1694582094BE9FD6, ); name = "ambi_dec"; sourceTree = "<group>"; };
		30C7E34CB6602E75BA21FDA0 = {isa = PBXGroup; children = (
					DE932ABFBB366FEE396F47C4,
					212D7F8260E1DA1F5C4910C3,
					0300686C6CD618C63B6A7581,
					8D3BC2969B67589A9F7E1152,
					C493242FAE234F8E5B146235,
					6CEDEEF4C743E372F14A62A0,
					F7EF53888CF6DB74CB3FCF48,
					E6587E70DD274E8A8929E028,
					2B6906DE8405886C2ED7A232, ); name = include; sourceTree = "<group>"; };
		9A10633588C2673D6DFC8E19 = {isa = PBXGroup; children = (
					C7E0192A885A88A30357D6E8,
					173DCF20E65D96FE5C40E668,
					DC4375A4B219B3153CF615E3,
					58F37D8B491604E095EEF0FF,
					D437B10EB3E86D6FECEC67C3,
					20DEF8DC62994F9E81A35DAB, ); name = "saf_afstft"; sourceTree = "<group>"; };
		922E60DD9737EBCF0332F00D = {isa = PBXGroup; children = (
					D54F9241A2B477CE32CFD341, ); name = "saf_cdf4sap"; sourceTree = "<group>"; };
		1E0D238FE39157007F3E679F = {isa = PBXGroup; children = (
					6EA644CF6EA94CDAB0FC13B0,
					67B3E9904D9F47220D60FB15,
					6CAE5F839EA776A685E9A98A, ); name = "saf_hoa"; sourceTree = "<group>"; };
		04BB780D5EEDE2ED5D980412 = {isa = PBXGroup; children = (
					B17E63087E0C97315680716B,
					D5B51FCB99542ABCCC8CDC40,
					4E85FDF2209DEA68ECD5B517, ); name = "saf_hrir"; sourceTree = "<group>"; };
		485459F161896D66E2EC9A41 = {isa = PBXGroup; children = (
					2B003F6EEE00F3B4246B1A6A,
					7AE0B760E85FBE458769B3A0,
					8C62DCE07CD48D6D74320EFF, ); name = "saf_sh"; sourceTree = "<group>"; };
		C5983AEE2EF4D1D4DE25B212 = {isa = PBXGroup; children = (
					9C96F5DBB55967AF40344C74,
					71639FE18140B71C9034E1AE,
					95FA46534DFCDF9B0BE489E3,
					63A8FEDA1D105F44CBD0F282,
					635765DA632B7E3B7097524D,
					DC5D13B4DCBABE608175BE0A,
					9FE5666E9922FEA4CD9B7327,
					9E3D64F42728B2EE5C13C9CF,
					BF056AA0E21D0ACA6027AD70,
					4FF8F1AE3F5EDCA52DE5F62A,
					AA4EA097ED1F187FA8A8202D,
					F27E7E98AA618C63288B66D2,
					C10A75028E1C6AC931D92D2A,
					A3A6AACA8669C502639BDBCF,
					834C8388AFB082511262978D,
					7D90A2A43A7B35DC83539DE1, ); name = "saf_utilities"; sourceTree = "<group>"; };
		722D00E98737FFAEBCB405A4 = {isa = PBXGroup; children = (
					9DBA1559BC704AA6CB65A6D9,
					862AC750F706450099B6EC88,
					B675D9ACE4E7DB932DB62664,
					6C53579B10266B96022F975A, ); name = "saf_vbap"; sourceTree = "<group>"; };
		AA435F41DF0D82E609305F73 = {isa = PBXGroup; children = (
					30C7E34CB6602E75BA21FDA0,
					9A10633588C2673D6DFC8E19,
					922E60DD9737EBCF0332F00D,
					1E0D238FE39157007F3E679F,
					04BB780D5EEDE2ED5D980412,
					485459F161896D66E2EC9A41,
					C5983AEE2EF4D1D4DE25B212,
					722D00E98737FFAEBCB405A4, ); name = framework; sourceTree = "<group>"; };
		C1B2F7193C3818E412035BBB = {isa = PBXGroup; children = (
					AA435F41DF0D82E609305F73, ); name = "Spatial_Audio_Framework"; sourceTree = "<group>"; };
		32A1B937A17DAEEAA0CDAC00 = {isa = PBXGroup; children = (
					BE0152B2119C8DC6147A7FFB,
					4C271405CE31A8D04323510B,
					063CBB2A6E151E5887341712,
					0E4A5B853F9C045F70EF1577,
					3E61686D0DF39EC8545FDD57,
					A8853FA61032388D6E6AA83A,
					1712413E7757AF9A0B9F6D79,
					4D37307F4F553F4D88A6A49D,
					AE38DD6C985B9AFD6CC8592D,
					2A0DC0F99F101A4AB4D7862E,
					C1B2F7193C3818E412035BBB, ); name = "sparta_ambiDEC"; sourceTree = "<group>"; };
		D66332945D902BD6015034FA = {isa = PBXGroup; children = (
					E0092B758940E8498DA2FDC2,
					4BB6EA76E53C9E31F3716D85,
					6CA9D9D86F26A04790F51DFF,
					62F0B2F13794D301CC97CE9E,
					5C0F2B0DA97149FF0D58EA88,
					D63E7CAC1464B576C52C8F55,
					30347574AF27DA75C705DA3B,
					0D614617A85F3371231759B0,
					F298683495A329E8DAFA014E,
					04ED9BE468CDE97F564A5758,
					8DC36A617A9A4E051CA6BD98,
					2ED509F5363DB49CD86EAD87,
					CEF37AE39A09D01EA1870939, ); name = "JUCE Modules"; sourceTree = "<group>"; };
		DD52C93E7CAAC17AF4B853EB = {isa = PBXGroup; children = (
					6B3B475C24519589500929D9,
					E33DBE6570EA26A465367A48,
					2DF342C8705181B4064A76FC,
					5B856D6CA28383257E171DCD,
					7DFAB9708268B675928D038D,
					0ACA9F229A0B4F513C1B100D,
					3B77878428A8D8F1C030A04E,
					A5E0B796598BB7802C25AAC8,
					445C5AEC80FB913541604942,
					87362E1086A7812648AA7ABB,
					66737C8A12E8C0279AFA3FEE,
					DFACE99EE03DBFB54974E746,
					A534E6E67C4900A3A3DF9E5B,
					203944384F444141C040AD1C,
					35A090B3AAE540A9EFBBC721,
					0C8BDE09DE4B4EDB7E31F894,
					6A3485B364EC2D68F1145B19, ); name = "JUCE Library Code"; sourceTree = "<group>"; };
		BD08387B1CA82FBF3EF9DE8B = {isa = PBXGroup; children = (
					5D6AB89AA571BE585E3606E7,
					24304AD5B0C1E66E7BD0508B, ); name = Resources; sourceTree = "<group>"; };
		DEEABF6D123124EC1BE034F9 = {isa = PBXGroup; children = (
					E12B88E3E72D474E6AB195E2,
					4CBDDE93A686112FB6E60438,
					EFA1AA062C2371E00A932006,
					6F67DB9471547286ACF4FE48,
					36316A25ABCB16A95EE107B9,
					E12C5C4DFE19D876DAF8B905,
					0F6B49FBAB625947F2547960,
					F395B64E2BE5D3F24FE56B5F,
					69AABFCDE293FFEA4DDC262F,
					EFD595CBFB6A9A3523C16314, ); name = Frameworks; sourceTree = "<group>"; };
		C1320C6972A1B44F59A3ABB7 = {isa = PBXGroup; children = (
					0284A74D43426A94BEBA58DE,
					B3B6D47D71F2CEA1599FEA89, ); name = Products; sourceTree = "<group>"; };
		D2E828249AD63D01CF4A6A14 = {isa = PBXGroup; children = (
					2A3A010AFA47B9646B2177B4,
					32A1B937A17DAEEAA0CDAC00,
					D66332945D902BD6015034FA,
					DD52C93E7CAAC17AF4B853EB,
					BD08387B1CA82FBF3EF9DE8B,
					DEEABF6D123124EC1BE034F9,
					C1320C6972A1B44F59A3ABB7, ); name = Source; sourceTree = "<group>"; };
		BBAEDCF9A04167B1491F2E68 = {isa = XCBuildConfiguration; buildSettings = {
				MACOSX_DEPLOYMENT_TARGET = 10.10; }; name = Debug; };
		13B31003375C288E85DF49BB = {isa = XCBuildConfiguration; buildSettings = {
				MACOSX_DEPLOYMENT_TARGET = 10.10; }; name = Release; };
		FE11BF6CC1DD8595A15CE890 = {isa = XCBuildConfiguration; buildSettings = {
				ARCHS = "$(ARCHS_STANDARD_64_BIT)";
				CLANG_CXX_LANGUAGE_STANDARD = "c++14";
				CLANG_CXX_LIBRARY = "libc++";
				CLANG_LINK_OBJC_RUNTIME = NO;
				COMBINE_HIDPI_IMAGES = YES;
				CONFIGURATION_BUILD_DIR = "$(PROJECT_DIR)/build/$(CONFIGURATION)";
				COPY_PHASE_STRIP = NO;
				DEPLOYMENT_LOCATION = YES;
				DSTROOT = /;
				GCC_DYNAMIC_NO_PIC = NO;
				GCC_OPTIMIZATION_LEVEL = 0;
				GCC_PREPROCESSOR_DEFINITIONS = (
					"_DEBUG=1",
					"DEBUG=1",
					"FRAME_SIZE=256",
					"SAF_USE_INTEL_MKL",
					"JUCER_XCODE_MAC_D75985F1=1",
					"JUCE_APP_VERSION=1.4.2",
					"JUCE_APP_VERSION_HEX=0x10402",
					"JucePlugin_Build_VST=1",
					"JucePlugin_Build_VST3=0",
					"JucePlugin_Build_AU=0",
					"JucePlugin_Build_AUv3=0",
					"JucePlugin_Build_RTAS=0",
					"JucePlugin_Build_AAX=0",
					"JucePlugin_Build_Standalone=0", );
				GCC_VERSION = com.apple.compilers.llvm.clang.1_0;
				GENERATE_PKGINFO_FILE = YES;
				HEADER_SEARCH_PATHS = ("../../../../juce/sparta_ambiDEC/JuceLibraryCode", "../../../../../../SDKs/modules", "../../../../../../SDKs/Spatial_Audio_Framework/framework/include", "../../../../../../SDKs/Spatial_Audio_Framework/examples/ambi_dec/include", "../../../../../../SDKs/Spatial_Audio_Framework/dependencies/MacOSX/include", "../../../../../../SDKs/modules/juce_audio_plugin_client", "$(inherited)");
				INFOPLIST_FILE = Info-VST.plist;
				INFOPLIST_PREPROCESS = NO;
				INSTALL_PATH = "$(HOME)/Library/Audio/Plug-Ins/VST/";
				LIBRARY_SEARCH_PATHS = ("$(inherited)", "\"../../../../../../SDKs/Spatial_Audio_Framework/dependencies/MacOSX/lib\"");
				LIBRARY_STYLE = Bundle;
				MACOSX_DEPLOYMENT_TARGET = 10.10;
				MACOSX_DEPLOYMENT_TARGET_ppc = 10.4;
				OTHER_LDFLAGS = "-bundle -lsparta_ambiDECd -L/usr/local/lib -lsaf_mkl_custom -lnetcdf -lhdf5 -lhdf5_hl -lz";
				PRODUCT_BUNDLE_IDENTIFIER = com.AALTO.SPARTA;
				SDKROOT_ppc = macosx10.5;
				USE_HEADERMAP = NO;
				WRAPPER_EXTENSION = vst; }; name = Debug; };
		08258B6FE107E5DD391A2D26 = {isa = XCBuildConfiguration; buildSettings = {
				ARCHS = "$(ARCHS_STANDARD_64_BIT)";
				CLANG_CXX_LANGUAGE_STANDARD = "c++14";
				CLANG_CXX_LIBRARY = "libc++";
				CLANG_LINK_OBJC_RUNTIME = NO;
				COMBINE_HIDPI_IMAGES = YES;
				CONFIGURATION_BUILD_DIR = "$(PROJECT_DIR)/build/$(CONFIGURATION)";
				DEAD_CODE_STRIPPING = YES;
				DEPLOYMENT_LOCATION = YES;
				DSTROOT = /;
				GCC_GENERATE_DEBUGGING_SYMBOLS = NO;
				GCC_OPTIMIZATION_LEVEL = 3;
				GCC_PREPROCESSOR_DEFINITIONS = (
					"_NDEBUG=1",
					"NDEBUG=1",
					"FRAME_SIZE=256",
					"SAF_USE_INTEL_MKL",
					"JUCER_XCODE_MAC_D75985F1=1",
					"JUCE_APP_VERSION=1.4.2",
					"JUCE_APP_VERSION_HEX=0x10402",
					"JucePlugin_Build_VST=1",
					"JucePlugin_Build_VST3=0",
					"JucePlugin_Build_AU=0",
					"JucePlugin_Build_AUv3=0",
					"JucePlugin_Build_RTAS=0",
					"JucePlugin_Build_AAX=0",
					"JucePlugin_Build_Standalone=0", );
				GCC_SYMBOLS_PRIVATE_EXTERN = YES;
				GCC_VERSION = com.apple.compilers.llvm.clang.1_0;
				GENERATE_PKGINFO_FILE = YES;
				HEADER_SEARCH_PATHS = ("../../../../juce/sparta_ambiDEC/JuceLibraryCode", "../../../../../../SDKs/modules", "../../../../../../SDKs/Spatial_Audio_Framework/framework/include", "../../../../../../SDKs/Spatial_Audio_Framework/examples/ambi_dec/include", "../../../../../../SDKs/Spatial_Audio_Framework/dependencies/MacOSX/include", "../../../../../../SDKs/modules/juce_audio_plugin_client", "$(inherited)");
				INFOPLIST_FILE = Info-VST.plist;
				INFOPLIST_PREPROCESS = NO;
				INSTALL_PATH = "$(HOME)/Library/Audio/Plug-Ins/VST/";
				LIBRARY_SEARCH_PATHS = ("$(inherited)", "\"../../../../../../SDKs/Spatial_Audio_Framework/dependencies/MacOSX/lib\"");
				LIBRARY_STYLE = Bundle;
				LLVM_LTO = YES;
				MACOSX_DEPLOYMENT_TARGET = 10.10;
				MACOSX_DEPLOYMENT_TARGET_ppc = 10.4;
				OTHER_LDFLAGS = "-bundle -lsparta_ambiDEC -L/usr/local/lib -lsaf_mkl_custom -lnetcdf -lhdf5 -lhdf5_hl -lz";
				PRODUCT_BUNDLE_IDENTIFIER = com.AALTO.SPARTA;
				SDKROOT_ppc = macosx10.5;
				USE_HEADERMAP = NO;
				WRAPPER_EXTENSION = vst; }; name = Release; };
		DF828A93703B4E59B120047E = {isa = XCBuildConfiguration; buildSettings = {
				ARCHS = "$(ARCHS_STANDARD_64_BIT)";
				CLANG_CXX_LANGUAGE_STANDARD = "c++14";
				CLANG_CXX_LIBRARY = "libc++";
				CLANG_LINK_OBJC_RUNTIME = NO;
				COMBINE_HIDPI_IMAGES = YES;
				CONFIGURATION_BUILD_DIR = "$(PROJECT_DIR)/build/$(CONFIGURATION)";
				COPY_PHASE_STRIP = NO;
				GCC_DYNAMIC_NO_PIC = NO;
				GCC_OPTIMIZATION_LEVEL = 0;
				GCC_PREPROCESSOR_DEFINITIONS = (
					"_DEBUG=1",
					"DEBUG=1",
					"FRAME_SIZE=256",
					"SAF_USE_INTEL_MKL",
					"JUCER_XCODE_MAC_D75985F1=1",
					"JUCE_APP_VERSION=1.4.2",
					"JUCE_APP_VERSION_HEX=0x10402",
					"JucePlugin_Build_VST=1",
					"JucePlugin_Build_VST3=0",
					"JucePlugin_Build_AU=0",
					"JucePlugin_Build_AUv3=0",
					"JucePlugin_Build_RTAS=0",
					"JucePlugin_Build_AAX=0",
					"JucePlugin_Build_Standalone=0",
					"JUCE_SHARED_CODE=1", );
				GCC_VERSION = com.apple.compilers.llvm.clang.1_0;
				HEADER_SEARCH_PATHS = ("../../../../juce/sparta_ambiDEC/JuceLibraryCode", "../../../../../../SDKs/modules", "../../../../../../SDKs/Spatial_Audio_Framework/framework/include", "../../../../../../SDKs/Spatial_Audio_Framework/examples/ambi_dec/include", "../../../../../../SDKs/Spatial_Audio_Framework/dependencies/MacOSX/include", "../../../../../../SDKs/modules/juce_audio_plugin_client", "$(inherited)");
				INSTALL_PATH = "@executable_path/../Frameworks";
				LIBRARY_SEARCH_PATHS = ("$(inherited)", "\"../../../../../../SDKs/Spatial_Audio_Framework/dependencies/MacOSX/lib\"");
				MACOSX_DEPLOYMENT_TARGET = 10.10;
				MACOSX_DEPLOYMENT_TARGET_ppc = 10.4;
				OTHER_LDFLAGS = "-L/usr/local/lib -lsaf_mkl_custom -lnetcdf -lhdf5 -lhdf5_hl -lz";
				PRODUCT_BUNDLE_IDENTIFIER = com.AALTO.SPARTA;
				SDKROOT_ppc = macosx10.5;
				USE_HEADERMAP = NO; }; name = Debug; };
		C19C3B6C902CC4E3EFC5D474 = {isa = XCBuildConfiguration; buildSettings = {
				ARCHS = "$(ARCHS_STANDARD_64_BIT)";
				CLANG_CXX_LANGUAGE_STANDARD = "c++14";
				CLANG_CXX_LIBRARY = "libc++";
				CLANG_LINK_OBJC_RUNTIME = NO;
				COMBINE_HIDPI_IMAGES = YES;
				CONFIGURATION_BUILD_DIR = "$(PROJECT_DIR)/build/$(CONFIGURATION)";
				DEAD_CODE_STRIPPING = YES;
				GCC_GENERATE_DEBUGGING_SYMBOLS = NO;
				GCC_OPTIMIZATION_LEVEL = 3;
				GCC_PREPROCESSOR_DEFINITIONS = (
					"_NDEBUG=1",
					"NDEBUG=1",
					"FRAME_SIZE=256",
					"SAF_USE_INTEL_MKL",
					"JUCER_XCODE_MAC_D75985F1=1",
					"JUCE_APP_VERSION=1.4.2",
					"JUCE_APP_VERSION_HEX=0x10402",
					"JucePlugin_Build_VST=1",
					"JucePlugin_Build_VST3=0",
					"JucePlugin_Build_AU=0",
					"JucePlugin_Build_AUv3=0",
					"JucePlugin_Build_RTAS=0",
					"JucePlugin_Build_AAX=0",
					"JucePlugin_Build_Standalone=0",
					"JUCE_SHARED_CODE=1", );
				GCC_SYMBOLS_PRIVATE_EXTERN = YES;
				GCC_VERSION = com.apple.compilers.llvm.clang.1_0;
				HEADER_SEARCH_PATHS = ("../../../../juce/sparta_ambiDEC/JuceLibraryCode", "../../../../../../SDKs/modules", "../../../../../../SDKs/Spatial_Audio_Framework/framework/include", "../../../../../../SDKs/Spatial_Audio_Framework/examples/ambi_dec/include", "../../../../../../SDKs/Spatial_Audio_Framework/dependencies/MacOSX/include", "../../../../../../SDKs/modules/juce_audio_plugin_client", "$(inherited)");
				INSTALL_PATH = "@executable_path/../Frameworks";
				LIBRARY_SEARCH_PATHS = ("$(inherited)", "\"../../../../../../SDKs/Spatial_Audio_Framework/dependencies/MacOSX/lib\"");
				LLVM_LTO = YES;
				MACOSX_DEPLOYMENT_TARGET = 10.10;
				MACOSX_DEPLOYMENT_TARGET_ppc = 10.4;
				OTHER_LDFLAGS = "-L/usr/local/lib -lsaf_mkl_custom -lnetcdf -lhdf5 -lhdf5_hl -lz";
				PRODUCT_BUNDLE_IDENTIFIER = com.AALTO.SPARTA;
				SDKROOT_ppc = macosx10.5;
				USE_HEADERMAP = NO; }; name = Release; };
		60079DB514338E1663AF9683 = {isa = XCBuildConfiguration; buildSettings = {
				ALWAYS_SEARCH_USER_PATHS = NO;
				CLANG_WARN_BLOCK_CAPTURE_AUTORELEASING = YES;
				CLANG_WARN_BOOL_CONVERSION = YES;
				CLANG_WARN_COMMA = YES;
				CLANG_WARN_CONSTANT_CONVERSION = YES;
				CLANG_WARN_EMPTY_BODY = YES;
				CLANG_WARN_ENUM_CONVERSION = YES;
				CLANG_WARN_INFINITE_RECURSION = YES;
				CLANG_WARN_INT_CONVERSION = YES;
				CLANG_WARN_NON_LITERAL_NULL_CONVERSION = YES;
				CLANG_WARN_OBJC_LITERAL_CONVERSION = YES;
				CLANG_WARN_RANGE_LOOP_ANALYSIS = YES;
				CLANG_WARN_STRICT_PROTOTYPES = YES;
				CLANG_WARN_SUSPICIOUS_MOVE = YES;
				CLANG_WARN_UNREACHABLE_CODE = YES;
				CLANG_WARN__DUPLICATE_METHOD_MATCH = YES;
				DEBUG_INFORMATION_FORMAT = "dwarf";
				ENABLE_STRICT_OBJC_MSGSEND = YES;
				ENABLE_TESTABILITY = YES;
				GCC_C_LANGUAGE_STANDARD = c11;
				GCC_INLINES_ARE_PRIVATE_EXTERN = YES;
				GCC_MODEL_TUNING = G5;
				GCC_NO_COMMON_BLOCKS = YES;
				GCC_WARN_64_TO_32_BIT_CONVERSION = YES;
				GCC_WARN_ABOUT_RETURN_TYPE = YES;
				GCC_WARN_CHECK_SWITCH_STATEMENTS = YES;
				GCC_WARN_MISSING_PARENTHESES = YES;
				GCC_WARN_NON_VIRTUAL_DESTRUCTOR = YES;
				GCC_WARN_TYPECHECK_CALLS_TO_PRINTF = YES;
				GCC_WARN_UNDECLARED_SELECTOR = YES;
				GCC_WARN_UNINITIALIZED_AUTOS = YES;
				GCC_WARN_UNUSED_FUNCTION = YES;
				GCC_WARN_UNUSED_VARIABLE = YES;
				PRODUCT_NAME = "sparta_ambiDECd";
				WARNING_CFLAGS = -Wreorder;
				ZERO_LINK = NO; }; name = Debug; };
		FC4B306F0929E8B46FC426C7 = {isa = XCBuildConfiguration; buildSettings = {
				ALWAYS_SEARCH_USER_PATHS = NO;
				CLANG_WARN_BLOCK_CAPTURE_AUTORELEASING = YES;
				CLANG_WARN_BOOL_CONVERSION = YES;
				CLANG_WARN_COMMA = YES;
				CLANG_WARN_CONSTANT_CONVERSION = YES;
				CLANG_WARN_EMPTY_BODY = YES;
				CLANG_WARN_ENUM_CONVERSION = YES;
				CLANG_WARN_INFINITE_RECURSION = YES;
				CLANG_WARN_INT_CONVERSION = YES;
				CLANG_WARN_NON_LITERAL_NULL_CONVERSION = YES;
				CLANG_WARN_OBJC_LITERAL_CONVERSION = YES;
				CLANG_WARN_RANGE_LOOP_ANALYSIS = YES;
				CLANG_WARN_STRICT_PROTOTYPES = YES;
				CLANG_WARN_SUSPICIOUS_MOVE = YES;
				CLANG_WARN_UNREACHABLE_CODE = YES;
				CLANG_WARN__DUPLICATE_METHOD_MATCH = YES;
				DEBUG_INFORMATION_FORMAT = "dwarf";
				ENABLE_STRICT_OBJC_MSGSEND = YES;
				GCC_C_LANGUAGE_STANDARD = c11;
				GCC_INLINES_ARE_PRIVATE_EXTERN = YES;
				GCC_MODEL_TUNING = G5;
				GCC_NO_COMMON_BLOCKS = YES;
				GCC_WARN_64_TO_32_BIT_CONVERSION = YES;
				GCC_WARN_ABOUT_RETURN_TYPE = YES;
				GCC_WARN_CHECK_SWITCH_STATEMENTS = YES;
				GCC_WARN_MISSING_PARENTHESES = YES;
				GCC_WARN_NON_VIRTUAL_DESTRUCTOR = YES;
				GCC_WARN_TYPECHECK_CALLS_TO_PRINTF = YES;
				GCC_WARN_UNDECLARED_SELECTOR = YES;
				GCC_WARN_UNINITIALIZED_AUTOS = YES;
				GCC_WARN_UNUSED_FUNCTION = YES;
				GCC_WARN_UNUSED_VARIABLE = YES;
				PRODUCT_NAME = "sparta_ambiDEC";
				WARNING_CFLAGS = -Wreorder;
				ZERO_LINK = NO; }; name = Release; };
		5E0543AB041C531674F7030D = {isa = PBXTargetDependency; target = 52B20B8A73E772FFE4672ADB; };
		BFAA098BA3D7A89AF8EA8355 = {isa = PBXTargetDependency; target = 1913975A7EF2E7A8FAA91C38; };
		D66792391EEF08ACA447E192 = {isa = XCConfigurationList; buildConfigurations = (
					60079DB514338E1663AF9683,
					FC4B306F0929E8B46FC426C7, ); defaultConfigurationIsVisible = 0; defaultConfigurationName = Debug; };
		A61243D6B27CFEF49FE209DA = {isa = XCConfigurationList; buildConfigurations = (
					BBAEDCF9A04167B1491F2E68,
					13B31003375C288E85DF49BB, ); defaultConfigurationIsVisible = 0; defaultConfigurationName = Debug; };
		637B0DF4ED253147FAB02C55 = {isa = PBXAggregateTarget; buildConfigurationList = A61243D6B27CFEF49FE209DA; buildPhases = (  ); buildRules = ( ); dependencies = (
					5E0543AB041C531674F7030D,
					BFAA098BA3D7A89AF8EA8355, ); name = "sparta_ambiDEC - All"; productName = "sparta_ambiDEC"; };
		F781C719AE9FF1B333B18C29 = {isa = XCConfigurationList; buildConfigurations = (
					FE11BF6CC1DD8595A15CE890,
					08258B6FE107E5DD391A2D26, ); defaultConfigurationIsVisible = 0; defaultConfigurationName = Debug; };
		38AC8FEFA5981C5D67E9EBA5 = {isa = PBXResourcesBuildPhase; buildActionMask = 2147483647; files = (
					1909B18CBB9BD669A3EADB46, ); runOnlyForDeploymentPostprocessing = 0; };
		FF8C75BD34196FA798BEBE24 = {isa = PBXSourcesBuildPhase; buildActionMask = 2147483647; files = (
					A9A1C713CF22157C5162B04A, ); runOnlyForDeploymentPostprocessing = 0; };
		62B89A6A6746A34EB958718B = {isa = PBXFrameworksBuildPhase; buildActionMask = 2147483647; files = (
					C3D79BD60CB708BBDB330486,
					93F552191AE67FE9CA84428A,
					FCA4E29BCA15B6F322441CC4,
					53B5B7731FBD418EFCFE71E6,
					32D9F84F9384E87B91603762,
					ADB501A6B74310903CC96848,
					DADF5D5C4351E65691D220DE,
					26D124D0FE7E45ED6F9F33C5,
					BD3CE246D4D6FAABC1140218,
					616EA290992D03E0AEF2840B, ); runOnlyForDeploymentPostprocessing = 0; };
		52B20B8A73E772FFE4672ADB = {isa = PBXNativeTarget; buildConfigurationList = F781C719AE9FF1B333B18C29; buildPhases = (
					38AC8FEFA5981C5D67E9EBA5,
					FF8C75BD34196FA798BEBE24,
					62B89A6A6746A34EB958718B, ); buildRules = ( ); dependencies = (
					BFAA098BA3D7A89AF8EA8355, ); name = "sparta_ambiDEC - VST"; productName = "sparta_ambiDEC"; productReference = 0284A74D43426A94BEBA58DE; productType = "com.apple.product-type.bundle"; };
		8DD858FBCD8866A7B398294A = {isa = XCConfigurationList; buildConfigurations = (
					DF828A93703B4E59B120047E,
					C19C3B6C902CC4E3EFC5D474, ); defaultConfigurationIsVisible = 0; defaultConfigurationName = Debug; };
		45621E0B9BB8B1B8E90EC560 = {isa = PBXSourcesBuildPhase; buildActionMask = 2147483647; files = (
					05A48477E6C46B470D14BDF3,
					785A131A2E56527A559F0815,
					CB5714FD50E21AC62DA30892,
					159533886638AE068169F789,
					9ABCBF13DCF52FE61028A555,
					228E539098522C4ECF46A4F5,
					60A88C2A831EC69A1DCD43EA,
					424A492EE57EAE9A973B8685,
					F4AE38439C5BB0CC1E0C662D,
					FCB46716C8BE736D84DB3E81,
					066912B0A8EA75E65FA224CD,
					79226A10387ED2F5E8A6299B,
					88AB09750007FB2CF5E1FF6A,
					E54F996D427F3C1E1BBBD853,
					7670D9691742229CE39F60C8,
					B9A559AC43AA8A54B27AFEBE,
					56F8AA8DAB7EC1999EF5F510,
					B4E13C27D2E7268488E11C9C,
					12CE9ADEA012D404617DE068,
					5831C78337970C348463A47D,
					FEE7D0173C73F5A2BFCA2F48,
					784186D2D8A11503DF254BA0,
					CC0BBB6AB762C263885152A7,
					1A7BEF3339F1A5D872551C13,
					F2E41ED28EE02761F52BA335,
					535FB801E131E013E4FCB84B,
					DCAF6857E6F612A9F88CC542,
					2E2E457C4ED2235BB7B7A727,
					6E27822AF2DB05B1F12D9523,
					97260CEECB65900CE7E26FB3,
					700769D2C8857A986D27E50E,
					5B7B2E030C070DD771EB670F,
					8A20BAACC8DE9E7B5DEE42F4,
					AB2EAD2E8D59474C62577CC6,
					6A8AAAB260977B68C00CB4CC,
					1C9E3451463EB1509D059001,
					806F299D605F89083C8EA168,
					F631815559A23A384C4DD97F,
					2FD44E328577B45FB1EF4B28,
					A7592551FFDA8C53AE6E08E3,
					73467C1D93470BBE69603ACD, ); runOnlyForDeploymentPostprocessing = 0; };
		1913975A7EF2E7A8FAA91C38 = {isa = PBXNativeTarget; buildConfigurationList = 8DD858FBCD8866A7B398294A; buildPhases = (
					45621E0B9BB8B1B8E90EC560, ); buildRules = ( ); dependencies = (  ); name = "sparta_ambiDEC - Shared Code"; productName = "sparta_ambiDEC"; productReference = B3B6D47D71F2CEA1599FEA89; productType = "com.apple.product-type.library.static"; };
		030CE0186C510D1FDA6ED6A6 = {isa = PBXProject; buildConfigurationList = D66792391EEF08ACA447E192; attributes = { LastUpgradeCheck = 0930; ORGANIZATIONNAME = "Aalto"; TargetAttributes = { 637B0DF4ED253147FAB02C55 = { SystemCapabilities = {com.apple.ApplicationGroups.iOS = { enabled = 0; }; com.apple.InAppPurchase = { enabled = 0; }; com.apple.InterAppAudio = { enabled = 0; }; com.apple.Push = { enabled = 0; }; com.apple.Sandbox = { enabled = 0; }; }; };52B20B8A73E772FFE4672ADB = { SystemCapabilities = {com.apple.ApplicationGroups.iOS = { enabled = 0; }; com.apple.InAppPurchase = { enabled = 0; }; com.apple.InterAppAudio = { enabled = 0; }; com.apple.Push = { enabled = 0; }; com.apple.Sandbox = { enabled = 0; }; }; };1913975A7EF2E7A8FAA91C38 = { SystemCapabilities = {com.apple.ApplicationGroups.iOS = { enabled = 0; }; com.apple.InAppPurchase = { enabled = 0; }; com.apple.InterAppAudio = { enabled = 0; }; com.apple.Push = { enabled = 0; }; com.apple.Sandbox = { enabled = 0; }; }; }; }; }; compatibilityVersion = "Xcode 3.2"; hasScannedForEncodings = 0; mainGroup = D2E828249AD63D01CF4A6A14; projectDirPath = ""; projectRoot = ""; targets = (637B0DF4ED253147FAB02C55, 52B20B8A73E772FFE4672ADB, 1913975A7EF2E7A8FAA91C38); };
	};
	rootObject = 030CE0186C510D1FDA6ED6A6;
}
