Microsoft Visual Studio Solution File, Format Version 12.00
# Visual Studio 15
VisualStudioVersion = 15.0.28307.645
MinimumVisualStudioVersion = 10.0.40219.1
Project("{8BC9CEB8-8B4A-11D0-8D11-00A0C91BC942}") = "sparta_ambiBIN_SharedCode", "_SPARTA_ambiBIN_\make\win64\VisualStudio2017\sparta_ambiBIN_SharedCode.vcxproj", "{AD4E2C71-5FD2-1C60-BB48-F1510F031B1B}"
EndProject
Project("{8BC9CEB8-8B4A-11D0-8D11-00A0C91BC942}") = "sparta_ambiBIN_VST", "_SPARTA_ambiBIN_\make\win64\VisualStudio2017\sparta_ambiBIN_VST.vcxproj", "{C4438A43-EB43-B2A1-6BBC-CA236E44500E}"
	ProjectSection(ProjectDependencies) = postProject
		{AD4E2C71-5FD2-1C60-BB48-F1510F031B1B} = {AD4E2C71-5FD2-1C60-BB48-F1510F031B1B}
	EndProjectSection
EndProject
Project("{8BC9CEB8-8B4A-11D0-8D11-00A0C91BC942}") = "sparta_ambiDRC_SharedCode", "_SPARTA_ambiDRC_\make\win64\VisualStudio2017\sparta_ambiDRC_SharedCode.vcxproj", "{07B79572-F91E-4953-AD5E-53FDD82E7197}"
EndProject
Project("{8BC9CEB8-8B4A-11D0-8D11-00A0C91BC942}") = "sparta_ambiDRC_VST", "_SPARTA_ambiDRC_\make\win64\VisualStudio2017\sparta_ambiDRC_VST.vcxproj", "{620506F5-708A-4ACB-BA91-20285E66A267}"
	ProjectSection(ProjectDependencies) = postProject
		{07B79572-F91E-4953-AD5E-53FDD82E7197} = {07B79572-F91E-4953-AD5E-53FDD82E7197}
	EndProjectSection
EndProject
Project("{8BC9CEB8-8B4A-11D0-8D11-00A0C91BC942}") = "sparta_ambiENC_SharedCode", "_SPARTA_ambiENC_\make\win64\VisualStudio2017\sparta_ambiENC_SharedCode.vcxproj", "{8CDA9863-C6CD-4331-A3B4-F07B77E5DA84}"
EndProject
Project("{8BC9CEB8-8B4A-11D0-8D11-00A0C91BC942}") = "sparta_ambiENC_VST", "_SPARTA_ambiENC_\make\win64\VisualStudio2017\sparta_ambiENC_VST.vcxproj", "{8F9C5050-DF66-4A46-85E4-5195EAF12450}"
	ProjectSection(ProjectDependencies) = postProject
		{8CDA9863-C6CD-4331-A3B4-F07B77E5DA84} = {8CDA9863-C6CD-4331-A3B4-F07B77E5DA84}
	EndProjectSection
EndProject
Project("{8BC9CEB8-8B4A-11D0-8D11-00A0C91BC942}") = "sparta_beamformer_SharedCode", "_SPARTA_beamformer_\make\win64\VisualStudio2017\sparta_beamformer_SharedCode.vcxproj", "{B8CE8851-D76A-4165-AA7F-4E4B2BEB0D32}"
EndProject
Project("{8BC9CEB8-8B4A-11D0-8D11-00A0C91BC942}") = "sparta_beamformer_VST", "_SPARTA_beamformer_\make\win64\VisualStudio2017\sparta_beamformer_VST.vcxproj", "{E3333DCF-A71F-4EED-A9EC-0DD0B2F067DA}"
	ProjectSection(ProjectDependencies) = postProject
		{B8CE8851-D76A-4165-AA7F-4E4B2BEB0D32} = {B8CE8851-D76A-4165-AA7F-4E4B2BEB0D32}
	EndProjectSection
EndProject
Project("{8BC9CEB8-8B4A-11D0-8D11-00A0C91BC942}") = "sparta_binauraliser_SharedCode", "_SPARTA_binauraliser_\make\win64\VisualStudio2017\sparta_binauraliser_SharedCode.vcxproj", "{4DFDA3AE-F763-4DAE-AD15-1D28177F4E95}"
EndProject
Project("{8BC9CEB8-8B4A-11D0-8D11-00A0C91BC942}") = "sparta_binauraliser_VST", "_SPARTA_binauraliser_\make\win64\VisualStudio2017\sparta_binauraliser_VST.vcxproj", "{E0B9F778-46FD-4E44-993D-70D080922A06}"
	ProjectSection(ProjectDependencies) = postProject
		{4DFDA3AE-F763-4DAE-AD15-1D28177F4E95} = {4DFDA3AE-F763-4DAE-AD15-1D28177F4E95}
	EndProjectSection
EndProject
Project("{8BC9CEB8-8B4A-11D0-8D11-00A0C91BC942}") = "sparta_dirass_SharedCode", "_SPARTA_dirass_\make\win64\VisualStudio2017\sparta_dirass_SharedCode.vcxproj", "{B16C1CA2-5BDA-45EA-91D3-AADC792B3714}"
EndProject
Project("{8BC9CEB8-8B4A-11D0-8D11-00A0C91BC942}") = "sparta_dirass_VST", "_SPARTA_dirass_\make\win64\VisualStudio2017\sparta_dirass_VST.vcxproj", "{ACAE20B6-095D-48AF-8D14-18D6D3D55471}"
	ProjectSection(ProjectDependencies) = postProject
		{B16C1CA2-5BDA-45EA-91D3-AADC792B3714} = {B16C1CA2-5BDA-45EA-91D3-AADC792B3714}
	EndProjectSection
EndProject
Project("{8BC9CEB8-8B4A-11D0-8D11-00A0C91BC942}") = "sparta_panner_SharedCode", "_SPARTA_panner_\make\win64\VisualStudio2017\sparta_panner_SharedCode.vcxproj", "{1D463B2F-9269-4E8B-8AD5-780D8E8F65D1}"
EndProject
Project("{8BC9CEB8-8B4A-11D0-8D11-00A0C91BC942}") = "sparta_panner_VST", "_SPARTA_panner_\make\win64\VisualStudio2017\sparta_panner_VST.vcxproj", "{D24BCD40-AE99-4B59-8D97-72255C6606F2}"
	ProjectSection(ProjectDependencies) = postProject
		{1D463B2F-9269-4E8B-8AD5-780D8E8F65D1} = {1D463B2F-9269-4E8B-8AD5-780D8E8F65D1}
	EndProjectSection
EndProject
Project("{8BC9CEB8-8B4A-11D0-8D11-00A0C91BC942}") = "sparta_rotator_SharedCode", "_SPARTA_rotator_\make\win64\VisualStudio2017\sparta_rotator_SharedCode.vcxproj", "{D4E95969-D822-41B1-83BE-409DE0792DD7}"
EndProject
Project("{8BC9CEB8-8B4A-11D0-8D11-00A0C91BC942}") = "sparta_rotator_VST", "_SPARTA_rotator_\make\win64\VisualStudio2017\sparta_rotator_VST.vcxproj", "{D2AD5AE6-8FD3-4DD8-A1B0-7C248E40D64B}"
	ProjectSection(ProjectDependencies) = postProject
		{D4E95969-D822-41B1-83BE-409DE0792DD7} = {D4E95969-D822-41B1-83BE-409DE0792DD7}
	EndProjectSection
EndProject
Project("{8BC9CEB8-8B4A-11D0-8D11-00A0C91BC942}") = "sparta_ambiDEC_SharedCode", "_SPARTA_ambiDEC_\make\win64\VisualStudio2017\sparta_ambiDEC_SharedCode.vcxproj", "{5C8FBD60-9CB1-4A8B-B049-F73B738D551F}"
EndProject
Project("{8BC9CEB8-8B4A-11D0-8D11-00A0C91BC942}") = "sparta_ambiDEC_VST", "_SPARTA_ambiDEC_\make\win64\VisualStudio2017\sparta_ambiDEC_VST.vcxproj", "{0B7D97F5-EC13-4BD7-881C-D3CC487619FB}"
	ProjectSection(ProjectDependencies) = postProject
		{5C8FBD60-9CB1-4A8B-B049-F73B738D551F} = {5C8FBD60-9CB1-4A8B-B049-F73B738D551F}
	EndProjectSection
EndProject
Project("{8BC9CEB8-8B4A-11D0-8D11-00A0C91BC942}") = "sparta_array2sh_SharedCode", "_SPARTA_array2sh_\make\win64\VisualStudio2017\sparta_array2sh_SharedCode.vcxproj", "{DEBE4055-DAF7-4215-850C-9717E5427F81}"
EndProject
Project("{8BC9CEB8-8B4A-11D0-8D11-00A0C91BC942}") = "sparta_array2sh_VST", "_SPARTA_array2sh_\make\win64\VisualStudio2017\sparta_array2sh_VST.vcxproj", "{DD519FD6-64C9-4282-8F4C-76C0C612BECA}"
	ProjectSection(ProjectDependencies) = postProject
		{DEBE4055-DAF7-4215-850C-9717E5427F81} = {DEBE4055-DAF7-4215-850C-9717E5427F81}
	EndProjectSection
EndProject
Project("{8BC9CEB8-8B4A-11D0-8D11-00A0C91BC942}") = "sparta_powermap_SharedCode", "_SPARTA_powermap_\make\win64\VisualStudio2017\sparta_powermap_SharedCode.vcxproj", "{979A0378-3819-4CD2-8325-3D16C3FF216E}"
EndProject
Project("{8BC9CEB8-8B4A-11D0-8D11-00A0C91BC942}") = "sparta_powermap_VST", "_SPARTA_powermap_\make\win64\VisualStudio2017\sparta_powermap_VST.vcxproj", "{5325F124-0866-4C7C-BC4A-3AC47B7F33E5}"
	ProjectSection(ProjectDependencies) = postProject
		{979A0378-3819-4CD2-8325-3D16C3FF216E} = {979A0378-3819-4CD2-8325-3D16C3FF216E}
	EndProjectSection
EndProject
Project("{8BC9CEB8-8B4A-11D0-8D11-00A0C91BC942}") = "sparta_sldoa_SharedCode", "_SPARTA_sldoa_\make\win64\VisualStudio2017\sparta_sldoa_SharedCode.vcxproj", "{E041D6F3-D0A4-4E9C-8898-33B171300878}"
EndProject
Project("{8BC9CEB8-8B4A-11D0-8D11-00A0C91BC942}") = "sparta_sldoa_VST", "_SPARTA_sldoa_\make\win64\VisualStudio2017\sparta_sldoa_VST.vcxproj", "{9B35B7C3-BF6C-47B9-9040-19B11A937986}"
	ProjectSection(ProjectDependencies) = postProject
		{E041D6F3-D0A4-4E9C-8898-33B171300878} = {E041D6F3-D0A4-4E9C-8898-33B171300878}
	EndProjectSection
EndProject
Global
	GlobalSection(SolutionConfigurationPlatforms) = preSolution
		Debug|x64 = Debug|x64
		Release|x64 = Release|x64
	EndGlobalSection
	GlobalSection(ProjectConfigurationPlatforms) = postSolution
		{AD4E2C71-5FD2-1C60-BB48-F1510F031B1B}.Debug|x64.ActiveCfg = Debug|x64
		{AD4E2C71-5FD2-1C60-BB48-F1510F031B1B}.Debug|x64.Build.0 = Debug|x64
		{AD4E2C71-5FD2-1C60-BB48-F1510F031B1B}.Release|x64.ActiveCfg = Release|x64
		{AD4E2C71-5FD2-1C60-BB48-F1510F031B1B}.Release|x64.Build.0 = Release|x64
		{C4438A43-EB43-B2A1-6BBC-CA236E44500E}.Debug|x64.ActiveCfg = Debug|x64
		{C4438A43-EB43-B2A1-6BBC-CA236E44500E}.Debug|x64.Build.0 = Debug|x64
		{C4438A43-EB43-B2A1-6BBC-CA236E44500E}.Release|x64.ActiveCfg = Release|x64
		{C4438A43-EB43-B2A1-6BBC-CA236E44500E}.Release|x64.Build.0 = Release|x64
		{07B79572-F91E-4953-AD5E-53FDD82E7197}.Debug|x64.ActiveCfg = Debug|x64
		{07B79572-F91E-4953-AD5E-53FDD82E7197}.Debug|x64.Build.0 = Debug|x64
		{07B79572-F91E-4953-AD5E-53FDD82E7197}.Release|x64.ActiveCfg = Release|x64
		{07B79572-F91E-4953-AD5E-53FDD82E7197}.Release|x64.Build.0 = Release|x64
		{620506F5-708A-4ACB-BA91-20285E66A267}.Debug|x64.ActiveCfg = Debug|x64
		{620506F5-708A-4ACB-BA91-20285E66A267}.Debug|x64.Build.0 = Debug|x64
		{620506F5-708A-4ACB-BA91-20285E66A267}.Release|x64.ActiveCfg = Release|x64
		{620506F5-708A-4ACB-BA91-20285E66A267}.Release|x64.Build.0 = Release|x64
		{8CDA9863-C6CD-4331-A3B4-F07B77E5DA84}.Debug|x64.ActiveCfg = Debug|x64
		{8CDA9863-C6CD-4331-A3B4-F07B77E5DA84}.Debug|x64.Build.0 = Debug|x64
		{8CDA9863-C6CD-4331-A3B4-F07B77E5DA84}.Release|x64.ActiveCfg = Release|x64
		{8CDA9863-C6CD-4331-A3B4-F07B77E5DA84}.Release|x64.Build.0 = Release|x64
		{8F9C5050-DF66-4A46-85E4-5195EAF12450}.Debug|x64.ActiveCfg = Debug|x64
		{8F9C5050-DF66-4A46-85E4-5195EAF12450}.Debug|x64.Build.0 = Debug|x64
		{8F9C5050-DF66-4A46-85E4-5195EAF12450}.Release|x64.ActiveCfg = Release|x64
		{8F9C5050-DF66-4A46-85E4-5195EAF12450}.Release|x64.Build.0 = Release|x64
		{B8CE8851-D76A-4165-AA7F-4E4B2BEB0D32}.Debug|x64.ActiveCfg = Debug|x64
		{B8CE8851-D76A-4165-AA7F-4E4B2BEB0D32}.Debug|x64.Build.0 = Debug|x64
		{B8CE8851-D76A-4165-AA7F-4E4B2BEB0D32}.Release|x64.ActiveCfg = Release|x64
		{B8CE8851-D76A-4165-AA7F-4E4B2BEB0D32}.Release|x64.Build.0 = Release|x64
		{E3333DCF-A71F-4EED-A9EC-0DD0B2F067DA}.Debug|x64.ActiveCfg = Debug|x64
		{E3333DCF-A71F-4EED-A9EC-0DD0B2F067DA}.Debug|x64.Build.0 = Debug|x64
		{E3333DCF-A71F-4EED-A9EC-0DD0B2F067DA}.Release|x64.ActiveCfg = Release|x64
		{E3333DCF-A71F-4EED-A9EC-0DD0B2F067DA}.Release|x64.Build.0 = Release|x64
		{4DFDA3AE-F763-4DAE-AD15-1D28177F4E95}.Debug|x64.ActiveCfg = Debug|x64
		{4DFDA3AE-F763-4DAE-AD15-1D28177F4E95}.Debug|x64.Build.0 = Debug|x64
		{4DFDA3AE-F763-4DAE-AD15-1D28177F4E95}.Release|x64.ActiveCfg = Release|x64
		{4DFDA3AE-F763-4DAE-AD15-1D28177F4E95}.Release|x64.Build.0 = Release|x64
		{E0B9F778-46FD-4E44-993D-70D080922A06}.Debug|x64.ActiveCfg = Debug|x64
		{E0B9F778-46FD-4E44-993D-70D080922A06}.Debug|x64.Build.0 = Debug|x64
		{E0B9F778-46FD-4E44-993D-70D080922A06}.Release|x64.ActiveCfg = Release|x64
		{E0B9F778-46FD-4E44-993D-70D080922A06}.Release|x64.Build.0 = Release|x64
		{B16C1CA2-5BDA-45EA-91D3-AADC792B3714}.Debug|x64.ActiveCfg = Debug|x64
		{B16C1CA2-5BDA-45EA-91D3-AADC792B3714}.Debug|x64.Build.0 = Debug|x64
		{B16C1CA2-5BDA-45EA-91D3-AADC792B3714}.Release|x64.ActiveCfg = Release|x64
		{B16C1CA2-5BDA-45EA-91D3-AADC792B3714}.Release|x64.Build.0 = Release|x64
		{ACAE20B6-095D-48AF-8D14-18D6D3D55471}.Debug|x64.ActiveCfg = Debug|x64
		{ACAE20B6-095D-48AF-8D14-18D6D3D55471}.Debug|x64.Build.0 = Debug|x64
		{ACAE20B6-095D-48AF-8D14-18D6D3D55471}.Release|x64.ActiveCfg = Release|x64
		{ACAE20B6-095D-48AF-8D14-18D6D3D55471}.Release|x64.Build.0 = Release|x64
		{1D463B2F-9269-4E8B-8AD5-780D8E8F65D1}.Debug|x64.ActiveCfg = Debug|x64
		{1D463B2F-9269-4E8B-8AD5-780D8E8F65D1}.Debug|x64.Build.0 = Debug|x64
		{1D463B2F-9269-4E8B-8AD5-780D8E8F65D1}.Release|x64.ActiveCfg = Release|x64
		{1D463B2F-9269-4E8B-8AD5-780D8E8F65D1}.Release|x64.Build.0 = Release|x64
		{D24BCD40-AE99-4B59-8D97-72255C6606F2}.Debug|x64.ActiveCfg = Debug|x64
		{D24BCD40-AE99-4B59-8D97-72255C6606F2}.Debug|x64.Build.0 = Debug|x64
		{D24BCD40-AE99-4B59-8D97-72255C6606F2}.Release|x64.ActiveCfg = Release|x64
		{D24BCD40-AE99-4B59-8D97-72255C6606F2}.Release|x64.Build.0 = Release|x64
		{D4E95969-D822-41B1-83BE-409DE0792DD7}.Debug|x64.ActiveCfg = Debug|x64
		{D4E95969-D822-41B1-83BE-409DE0792DD7}.Debug|x64.Build.0 = Debug|x64
		{D4E95969-D822-41B1-83BE-409DE0792DD7}.Release|x64.ActiveCfg = Release|x64
		{D4E95969-D822-41B1-83BE-409DE0792DD7}.Release|x64.Build.0 = Release|x64
		{D2AD5AE6-8FD3-4DD8-A1B0-7C248E40D64B}.Debug|x64.ActiveCfg = Debug|x64
		{D2AD5AE6-8FD3-4DD8-A1B0-7C248E40D64B}.Debug|x64.Build.0 = Debug|x64
		{D2AD5AE6-8FD3-4DD8-A1B0-7C248E40D64B}.Release|x64.ActiveCfg = Release|x64
		{D2AD5AE6-8FD3-4DD8-A1B0-7C248E40D64B}.Release|x64.Build.0 = Release|x64
		{5C8FBD60-9CB1-4A8B-B049-F73B738D551F}.Debug|x64.ActiveCfg = Debug|x64
		{5C8FBD60-9CB1-4A8B-B049-F73B738D551F}.Debug|x64.Build.0 = Debug|x64
		{5C8FBD60-9CB1-4A8B-B049-F73B738D551F}.Release|x64.ActiveCfg = Release|x64
		{5C8FBD60-9CB1-4A8B-B049-F73B738D551F}.Release|x64.Build.0 = Release|x64
		{0B7D97F5-EC13-4BD7-881C-D3CC487619FB}.Debug|x64.ActiveCfg = Debug|x64
		{0B7D97F5-EC13-4BD7-881C-D3CC487619FB}.Debug|x64.Build.0 = Debug|x64
		{0B7D97F5-EC13-4BD7-881C-D3CC487619FB}.Release|x64.ActiveCfg = Release|x64
		{0B7D97F5-EC13-4BD7-881C-D3CC487619FB}.Release|x64.Build.0 = Release|x64
		{DEBE4055-DAF7-4215-850C-9717E5427F81}.Debug|x64.ActiveCfg = Debug|x64
		{DEBE4055-DAF7-4215-850C-9717E5427F81}.Debug|x64.Build.0 = Debug|x64
		{DEBE4055-DAF7-4215-850C-9717E5427F81}.Release|x64.ActiveCfg = Release|x64
		{DEBE4055-DAF7-4215-850C-9717E5427F81}.Release|x64.Build.0 = Release|x64
		{DD519FD6-64C9-4282-8F4C-76C0C612BECA}.Debug|x64.ActiveCfg = Debug|x64
		{DD519FD6-64C9-4282-8F4C-76C0C612BECA}.Debug|x64.Build.0 = Debug|x64
		{DD519FD6-64C9-4282-8F4C-76C0C612BECA}.Release|x64.ActiveCfg = Release|x64
		{DD519FD6-64C9-4282-8F4C-76C0C612BECA}.Release|x64.Build.0 = Release|x64
		{979A0378-3819-4CD2-8325-3D16C3FF216E}.Debug|x64.ActiveCfg = Debug|x64
		{979A0378-3819-4CD2-8325-3D16C3FF216E}.Debug|x64.Build.0 = Debug|x64
		{979A0378-3819-4CD2-8325-3D16C3FF216E}.Release|x64.ActiveCfg = Release|x64
		{979A0378-3819-4CD2-8325-3D16C3FF216E}.Release|x64.Build.0 = Release|x64
		{5325F124-0866-4C7C-BC4A-3AC47B7F33E5}.Debug|x64.ActiveCfg = Debug|x64
		{5325F124-0866-4C7C-BC4A-3AC47B7F33E5}.Debug|x64.Build.0 = Debug|x64
		{5325F124-0866-4C7C-BC4A-3AC47B7F33E5}.Release|x64.ActiveCfg = Release|x64
		{5325F124-0866-4C7C-BC4A-3AC47B7F33E5}.Release|x64.Build.0 = Release|x64
		{E041D6F3-D0A4-4E9C-8898-33B171300878}.Debug|x64.ActiveCfg = Debug|x64
		{E041D6F3-D0A4-4E9C-8898-33B171300878}.Debug|x64.Build.0 = Debug|x64
		{E041D6F3-D0A4-4E9C-8898-33B171300878}.Release|x64.ActiveCfg = Release|x64
		{E041D6F3-D0A4-4E9C-8898-33B171300878}.Release|x64.Build.0 = Release|x64
		{9B35B7C3-BF6C-47B9-9040-19B11A937986}.Debug|x64.ActiveCfg = Debug|x64
		{9B35B7C3-BF6C-47B9-9040-19B11A937986}.Debug|x64.Build.0 = Debug|x64
		{9B35B7C3-BF6C-47B9-9040-19B11A937986}.Release|x64.ActiveCfg = Release|x64
		{9B35B7C3-BF6C-47B9-9040-19B11A937986}.Release|x64.Build.0 = Release|x64
	EndGlobalSection
	GlobalSection(SolutionProperties) = preSolution
		HideSolutionNode = FALSE
	EndGlobalSection
	GlobalSection(ExtensibilityGlobals) = postSolution
		SolutionGuid = {4CEE4E35-E5B5-48D5-AE0B-1AB2A49D6F53}
	EndGlobalSection
EndGlobal
